<?xml version="1.0" encoding="utf-8"?>
<Project ToolsVersion="4.0" xmlns="http://schemas.microsoft.com/developer/msbuild/2003">
  <ItemGroup>
    <Filter Include="Custom">
      <UniqueIdentifier>{a9a38a33-2abb-45c1-847d-e562d7809062}</UniqueIdentifier>
      <Extensions>in</Extensions>
    </Filter>
    <Filter Include="Header Files">
      <UniqueIdentifier>{2c88acf9-3577-4edb-8099-c4172c3d4cc3}</UniqueIdentifier>
      <Extensions>h;hpp;hxx;hm;inl</Extensions>
    </Filter>
    <Filter Include="Resource Files">
      <UniqueIdentifier>{c72778b4-c771-4797-869b-a101b803405e}</UniqueIdentifier>
      <Extensions>ico;cur;bmp;dlg;rc2;rct;bin;rgs;gif;jpg;jpeg;jpe</Extensions>
    </Filter>
    <Filter Include="Source Files">
      <UniqueIdentifier>{081baf14-382a-4380-a66c-94ca9c019d63}</UniqueIdentifier>
      <Extensions>cpp;c;cxx;rc;def;r;odl;idl;hpj;bat</Extensions>
    </Filter>
  </ItemGroup>
  <ItemGroup>
    <ClCompile Include="MSLogonACL.cpp">
      <Filter>Source Files</Filter>
    </ClCompile>
    <ClCompile Include="vncExportACL.cpp">
      <Filter>Source Files</Filter>
    </ClCompile>
    <ClCompile Include="vncImportACL.cpp">
      <Filter>Source Files</Filter>
    </ClCompile>
  </ItemGroup>
  <ItemGroup>
    <ClInclude Include="MSLogonACL.h">
      <Filter>Header Files</Filter>
    </ClInclude>
    <ClInclude Include="resource.h">
      <Filter>Resource Files</Filter>
    </ClInclude>
    <ClInclude Include="vncExportACL.h">
      <Filter>Header Files</Filter>
    </ClInclude>
    <ClInclude Include="vncImportACL.h">
      <Filter>Header Files</Filter>
    </ClInclude>
  </ItemGroup>
  <ItemGroup>
    <ResourceCompile Include="MSLogonACL.rc">
      <Filter>Resource Files</Filter>
    </ResourceCompile>
  </ItemGroup>
  <ItemGroup>
    <CustomBuild Include="buildtime.in">
      <Filter>Custom</Filter>
    </CustomBuild>
  </ItemGroup>
</Project>