<?xml version="1.0" encoding="utf-8"?>
<Project ToolsVersion="4.0" xmlns="http://schemas.microsoft.com/developer/msbuild/2003">
  <ItemGroup>
    <Filter Include="Custom">
      <UniqueIdentifier>{d8709a60-a2e0-4b82-9d2d-cb09a1063dd0}</UniqueIdentifier>
      <Extensions>in</Extensions>
    </Filter>
    <Filter Include="Header Files">
      <UniqueIdentifier>{0ac7650d-37d1-43ef-88e9-e0bc695be713}</UniqueIdentifier>
      <Extensions>h;hpp;hxx;hm;inl</Extensions>
    </Filter>
    <Filter Include="Resource Files">
      <UniqueIdentifier>{1e136b92-de3b-4346-8f45-0d48675f9541}</UniqueIdentifier>
      <Extensions>ico;cur;bmp;dlg;rc2;rct;bin;rgs;gif;jpg;jpeg;jpe</Extensions>
    </Filter>
    <Filter Include="Source Files">
      <UniqueIdentifier>{ef6766f2-4cef-4c53-a42d-04f8fc901ee1}</UniqueIdentifier>
      <Extensions>cpp;c;cxx;rc;def;r;odl;idl;hpj;bat</Extensions>
    </Filter>
  </ItemGroup>
  <ItemGroup>
    <ClCompile Include="authSSP.cpp">
      <Filter>Source Files</Filter>
    </ClCompile>
    <ClCompile Include="EventLogging.cpp">
      <Filter>Source Files</Filter>
    </ClCompile>
    <ClCompile Include="GenClientServerContext.cpp">
      <Filter>Source Files</Filter>
    </ClCompile>
    <ClCompile Include="vncAccessControl.cpp">
      <Filter>Source Files</Filter>
    </ClCompile>
    <ClCompile Include="vncSecurityEditor.cpp">
      <Filter>Source Files</Filter>
    </ClCompile>
    <ClCompile Include="vncSSP.cpp">
      <Filter>Source Files</Filter>
    </ClCompile>
  </ItemGroup>
  <ItemGroup>
    <None Include="authSSP.def">
      <Filter>Source Files</Filter>
    </None>
    <None Include="ReadMe.txt">
      <Filter>Resource Files</Filter>
    </None>
  </ItemGroup>
  <ItemGroup>
    <ClInclude Include="authSSP.h">
      <Filter>Header Files</Filter>
    </ClInclude>
    <ClInclude Include="Auth_Seq.h">
      <Filter>Header Files</Filter>
    </ClInclude>
    <ClInclude Include="EventLogging.h">
      <Filter>Header Files</Filter>
    </ClInclude>
    <ClInclude Include="GenClientServerContext.h">
      <Filter>Header Files</Filter>
    </ClInclude>
    <ClInclude Include="resource.h">
      <Filter>Resource Files</Filter>
    </ClInclude>
    <ClInclude Include="vncAccessControl.h">
      <Filter>Header Files</Filter>
    </ClInclude>
    <ClInclude Include="vncSecurityEditor.h">
      <Filter>Header Files</Filter>
    </ClInclude>
    <ClInclude Include="vncSecurityEditorProps.h">
      <Filter>Header Files</Filter>
    </ClInclude>
    <ClInclude Include="vncSSP.h">
      <Filter>Header Files</Filter>
    </ClInclude>
  </ItemGroup>
  <ItemGroup>
    <ResourceCompile Include="authSSP.rc">
      <Filter>Resource Files</Filter>
    </ResourceCompile>
  </ItemGroup>
  <ItemGroup>
    <CustomBuild Include="buildtime.in">
      <Filter>Custom</Filter>
    </CustomBuild>
  </ItemGroup>
</Project>