
Microsoft Visual Studio Solution File, Format Version 11.00
# Visual Studio 2010
Project("{8BC9CEB8-8B4A-11D0-8D11-00A0C91BC942}") = "MSLogonACL", "ms-logon\MSLogonACL\MSLogonACL.vcxproj", "{F4E39BD7-C841-4F21-B40C-293D7E017EA1}"
EndProject
Project("{8BC9CEB8-8B4A-11D0-8D11-00A0C91BC942}") = "authSSP", "ms-logon\authSSP\authSSP.vcxproj", "{2F5FBC3F-4CCD-4C26-9719-C9166D8B0C7D}"
EndProject
Project("{8BC9CEB8-8B4A-11D0-8D11-00A0C91BC942}") = "authadmin", "ms-logon\authadmin\authadmin.vcxproj", "{334467FD-E35E-4C3D-9410-69B2171C2BB2}"
EndProject
Project("{8BC9CEB8-8B4A-11D0-8D11-00A0C91BC942}") = "ldapauth", "ms-logon\ldapauth\ldapauth.vcxproj", "{BC78A3C8-2280-42AB-BB6F-14FB674E2A0C}"
EndProject
Project("{8BC9CEB8-8B4A-11D0-8D11-00A0C91BC942}") = "ldapauth9x", "ms-logon\ldapauth9x\ldapauth9x.vcxproj", "{CAA83204-EBF8-4369-B152-011EA957784C}"
EndProject
Project("{8BC9CEB8-8B4A-11D0-8D11-00A0C91BC942}") = "ldapauthnt4", "ms-logon\ldapauthNT4\ldapauthnt4.vcxproj", "{31AC9E7D-64B7-4301-ADE2-5EFF15AA6BDE}"
EndProject
Project("{8BC9CEB8-8B4A-11D0-8D11-00A0C91BC942}") = "libjpeg", "..\libjpeg\libjpeg.vcxproj", "{181769CB-5295-452F-A421-FE1F9ED2022A}"
EndProject
Project("{8BC9CEB8-8B4A-11D0-8D11-00A0C91BC942}") = "logging", "ms-logon\logging\logging.vcxproj", "{D50AEB07-5F5E-4401-9B50-C1660E693833}"
EndProject
Project("{8BC9CEB8-8B4A-11D0-8D11-00A0C91BC942}") = "logmessages", "logger\logmessages.vcxproj", "{E543B602-5529-4B23-8D2A-3709857F5066}"
EndProject
Project("{8BC9CEB8-8B4A-11D0-8D11-00A0C91BC942}") = "omnithread", "omnithread\omnithread.vcxproj", "{E52B9956-FE67-47F7-BC4F-67CC5A64B708}"
EndProject
Project("{8BC9CEB8-8B4A-11D0-8D11-00A0C91BC942}") = "rdr", "..\rdr\rdr.vcxproj", "{F5244002-0FFF-4F19-A941-FCCE1861F132}"
EndProject
Project("{8BC9CEB8-8B4A-11D0-8D11-00A0C91BC942}") = "testauth", "ms-logon\testauth\testauth.vcxproj", "{C05BE60B-FBDF-430F-B041-5089262E8FB5}"
EndProject
Project("{8BC9CEB8-8B4A-11D0-8D11-00A0C91BC942}") = "vnchooks", "vnchooks\vnchooks.vcxproj", "{1D18E045-6B72-43F4-ACBD-3E679A3DE349}"
EndProject
Project("{8BC9CEB8-8B4A-11D0-8D11-00A0C91BC942}") = "winvnc", "winvnc\winvnc.vcxproj", "{C05AE605-1250-4F58-911B-EC99AE2C25AF}"
EndProject
Project("{8BC9CEB8-8B4A-11D0-8D11-00A0C91BC942}") = "workgrpdomnt4", "ms-logon\workgrpdomnt4\workgrpdomnt4.vcxproj", "{8D7757CB-5125-4633-AFB1-4B30ED24955F}"
EndProject
Project("{8BC9CEB8-8B4A-11D0-8D11-00A0C91BC942}") = "zlib", "..\zlib\zlib.vcxproj", "{85445BB7-B95B-4DE1-BA52-7311AA700A27}"
EndProject
Project("{8BC9CEB8-8B4A-11D0-8D11-00A0C91BC942}") = "avilog", "..\avilog\avilog\avilog.vcxproj", "{CD0D6EC9-D652-4D1B-B23B-18E1AC3AA683}"
EndProject
Project("{8BC9CEB8-8B4A-11D0-8D11-00A0C91BC942}") = "unz32lib", "..\zipunzip_src\unzip\windll\vc6\lib\unz32lib.vcxproj", "{F9321962-FBED-4581-BF7D-D0EBC303D891}"
EndProject
Project("{8BC9CEB8-8B4A-11D0-8D11-00A0C91BC942}") = "zip32", "..\zipunzip_src\zip20\windll\visualc\lib\zip32.vcxproj", "{E8BA959F-B652-4BAB-9EA7-8E9FC8D7F39C}"
EndProject
Project("{8BC9CEB8-8B4A-11D0-8D11-00A0C91BC942}") = "Xregion", "..\Xregion\Xregion.vcxproj", "{74900370-5ED2-4A5E-99A8-37EFE1D27552}"
EndProject
Project("{8BC9CEB8-8B4A-11D0-8D11-00A0C91BC942}") = "zlib_ipp", "..\ipp_zlib\ipp_zlib.vcxproj", "{A708AF0E-C67F-4A3B-8642-9BD09A60F2ED}"
EndProject
Global
	GlobalSection(SolutionConfigurationPlatforms) = preSolution
		ASM Debug|Win32 = ASM Debug|Win32
		ASM Debug|x64 = ASM Debug|x64
		ASM Release|Win32 = ASM Release|Win32
		ASM Release|x64 = ASM Release|x64
		Debug|Win32 = Debug|Win32
		Debug|x64 = Debug|x64
		DEMO|Win32 = DEMO|Win32
		DEMO|x64 = DEMO|x64
		FULL|Win32 = FULL|Win32
		FULL|x64 = FULL|x64
		FULLB|Win32 = FULLB|Win32
		FULLB|x64 = FULLB|x64
		FULLC|Win32 = FULLC|Win32
		FULLC|x64 = FULLC|x64
		Http|Win32 = Http|Win32
		Http|x64 = Http|x64
		IPP|Win32 = IPP|Win32
		IPP|x64 = IPP|x64
		Release|Win32 = Release|Win32
		Release|x64 = Release|x64
	EndGlobalSection
	GlobalSection(ProjectConfigurationPlatforms) = postSolution
		{F4E39BD7-C841-4F21-B40C-293D7E017EA1}.ASM Debug|Win32.ActiveCfg = Debug|Win32
		{F4E39BD7-C841-4F21-B40C-293D7E017EA1}.ASM Debug|Win32.Build.0 = Debug|Win32
		{F4E39BD7-C841-4F21-B40C-293D7E017EA1}.ASM Debug|x64.ActiveCfg = Debug|x64
		{F4E39BD7-C841-4F21-B40C-293D7E017EA1}.ASM Debug|x64.Build.0 = Debug|x64
		{F4E39BD7-C841-4F21-B40C-293D7E017EA1}.ASM Release|Win32.ActiveCfg = Release|Win32
		{F4E39BD7-C841-4F21-B40C-293D7E017EA1}.ASM Release|Win32.Build.0 = Release|Win32
		{F4E39BD7-C841-4F21-B40C-293D7E017EA1}.ASM Release|x64.ActiveCfg = Release|x64
		{F4E39BD7-C841-4F21-B40C-293D7E017EA1}.ASM Release|x64.Build.0 = Release|x64
		{F4E39BD7-C841-4F21-B40C-293D7E017EA1}.Debug|Win32.ActiveCfg = Debug|Win32
		{F4E39BD7-C841-4F21-B40C-293D7E017EA1}.Debug|Win32.Build.0 = Debug|Win32
		{F4E39BD7-C841-4F21-B40C-293D7E017EA1}.Debug|x64.ActiveCfg = Debug|x64
		{F4E39BD7-C841-4F21-B40C-293D7E017EA1}.Debug|x64.Build.0 = Debug|x64
		{F4E39BD7-C841-4F21-B40C-293D7E017EA1}.DEMO|Win32.ActiveCfg = Debug|x64
		{F4E39BD7-C841-4F21-B40C-293D7E017EA1}.DEMO|x64.ActiveCfg = Debug|x64
		{F4E39BD7-C841-4F21-B40C-293D7E017EA1}.DEMO|x64.Build.0 = Debug|x64
		{F4E39BD7-C841-4F21-B40C-293D7E017EA1}.FULL|Win32.ActiveCfg = IPP|x64
		{F4E39BD7-C841-4F21-B40C-293D7E017EA1}.FULL|x64.ActiveCfg = IPP|x64
		{F4E39BD7-C841-4F21-B40C-293D7E017EA1}.FULL|x64.Build.0 = IPP|x64
		{F4E39BD7-C841-4F21-B40C-293D7E017EA1}.FULLB|Win32.ActiveCfg = IPP|x64
		{F4E39BD7-C841-4F21-B40C-293D7E017EA1}.FULLB|x64.ActiveCfg = IPP|x64
		{F4E39BD7-C841-4F21-B40C-293D7E017EA1}.FULLB|x64.Build.0 = IPP|x64
		{F4E39BD7-C841-4F21-B40C-293D7E017EA1}.FULLC|Win32.ActiveCfg = IPP|x64
		{F4E39BD7-C841-4F21-B40C-293D7E017EA1}.FULLC|x64.ActiveCfg = IPP|x64
		{F4E39BD7-C841-4F21-B40C-293D7E017EA1}.FULLC|x64.Build.0 = IPP|x64
		{F4E39BD7-C841-4F21-B40C-293D7E017EA1}.Http|Win32.ActiveCfg = Debug|Win32
		{F4E39BD7-C841-4F21-B40C-293D7E017EA1}.Http|Win32.Build.0 = Debug|Win32
		{F4E39BD7-C841-4F21-B40C-293D7E017EA1}.Http|x64.ActiveCfg = Debug|x64
		{F4E39BD7-C841-4F21-B40C-293D7E017EA1}.Http|x64.Build.0 = Debug|x64
		{F4E39BD7-C841-4F21-B40C-293D7E017EA1}.IPP|Win32.ActiveCfg = IPP|Win32
		{F4E39BD7-C841-4F21-B40C-293D7E017EA1}.IPP|Win32.Build.0 = IPP|Win32
		{F4E39BD7-C841-4F21-B40C-293D7E017EA1}.IPP|x64.ActiveCfg = IPP|x64
		{F4E39BD7-C841-4F21-B40C-293D7E017EA1}.IPP|x64.Build.0 = IPP|x64
		{F4E39BD7-C841-4F21-B40C-293D7E017EA1}.Release|Win32.ActiveCfg = Release|Win32
		{F4E39BD7-C841-4F21-B40C-293D7E017EA1}.Release|Win32.Build.0 = Release|Win32
		{F4E39BD7-C841-4F21-B40C-293D7E017EA1}.Release|x64.ActiveCfg = Release|x64
		{F4E39BD7-C841-4F21-B40C-293D7E017EA1}.Release|x64.Build.0 = Release|x64
		{2F5FBC3F-4CCD-4C26-9719-C9166D8B0C7D}.ASM Debug|Win32.ActiveCfg = Debug|Win32
		{2F5FBC3F-4CCD-4C26-9719-C9166D8B0C7D}.ASM Debug|Win32.Build.0 = Debug|Win32
		{2F5FBC3F-4CCD-4C26-9719-C9166D8B0C7D}.ASM Debug|x64.ActiveCfg = Debug|x64
		{2F5FBC3F-4CCD-4C26-9719-C9166D8B0C7D}.ASM Debug|x64.Build.0 = Debug|x64
		{2F5FBC3F-4CCD-4C26-9719-C9166D8B0C7D}.ASM Release|Win32.ActiveCfg = Release|Win32
		{2F5FBC3F-4CCD-4C26-9719-C9166D8B0C7D}.ASM Release|Win32.Build.0 = Release|Win32
		{2F5FBC3F-4CCD-4C26-9719-C9166D8B0C7D}.ASM Release|x64.ActiveCfg = Release|x64
		{2F5FBC3F-4CCD-4C26-9719-C9166D8B0C7D}.ASM Release|x64.Build.0 = Release|x64
		{2F5FBC3F-4CCD-4C26-9719-C9166D8B0C7D}.Debug|Win32.ActiveCfg = Debug|Win32
		{2F5FBC3F-4CCD-4C26-9719-C9166D8B0C7D}.Debug|Win32.Build.0 = Debug|Win32
		{2F5FBC3F-4CCD-4C26-9719-C9166D8B0C7D}.Debug|x64.ActiveCfg = Debug|x64
		{2F5FBC3F-4CCD-4C26-9719-C9166D8B0C7D}.Debug|x64.Build.0 = Debug|x64
		{2F5FBC3F-4CCD-4C26-9719-C9166D8B0C7D}.DEMO|Win32.ActiveCfg = Debug|x64
		{2F5FBC3F-4CCD-4C26-9719-C9166D8B0C7D}.DEMO|x64.ActiveCfg = Debug|x64
		{2F5FBC3F-4CCD-4C26-9719-C9166D8B0C7D}.DEMO|x64.Build.0 = Debug|x64
		{2F5FBC3F-4CCD-4C26-9719-C9166D8B0C7D}.FULL|Win32.ActiveCfg = IPP|x64
		{2F5FBC3F-4CCD-4C26-9719-C9166D8B0C7D}.FULL|x64.ActiveCfg = IPP|x64
		{2F5FBC3F-4CCD-4C26-9719-C9166D8B0C7D}.FULL|x64.Build.0 = IPP|x64
		{2F5FBC3F-4CCD-4C26-9719-C9166D8B0C7D}.FULLB|Win32.ActiveCfg = IPP|x64
		{2F5FBC3F-4CCD-4C26-9719-C9166D8B0C7D}.FULLB|x64.ActiveCfg = IPP|x64
		{2F5FBC3F-4CCD-4C26-9719-C9166D8B0C7D}.FULLB|x64.Build.0 = IPP|x64
		{2F5FBC3F-4CCD-4C26-9719-C9166D8B0C7D}.FULLC|Win32.ActiveCfg = IPP|x64
		{2F5FBC3F-4CCD-4C26-9719-C9166D8B0C7D}.FULLC|x64.ActiveCfg = IPP|x64
		{2F5FBC3F-4CCD-4C26-9719-C9166D8B0C7D}.FULLC|x64.Build.0 = IPP|x64
		{2F5FBC3F-4CCD-4C26-9719-C9166D8B0C7D}.Http|Win32.ActiveCfg = Debug|Win32
		{2F5FBC3F-4CCD-4C26-9719-C9166D8B0C7D}.Http|Win32.Build.0 = Debug|Win32
		{2F5FBC3F-4CCD-4C26-9719-C9166D8B0C7D}.Http|x64.ActiveCfg = Debug|x64
		{2F5FBC3F-4CCD-4C26-9719-C9166D8B0C7D}.Http|x64.Build.0 = Debug|x64
		{2F5FBC3F-4CCD-4C26-9719-C9166D8B0C7D}.IPP|Win32.ActiveCfg = IPP|Win32
		{2F5FBC3F-4CCD-4C26-9719-C9166D8B0C7D}.IPP|Win32.Build.0 = IPP|Win32
		{2F5FBC3F-4CCD-4C26-9719-C9166D8B0C7D}.IPP|x64.ActiveCfg = IPP|x64
		{2F5FBC3F-4CCD-4C26-9719-C9166D8B0C7D}.IPP|x64.Build.0 = IPP|x64
		{2F5FBC3F-4CCD-4C26-9719-C9166D8B0C7D}.Release|Win32.ActiveCfg = Release|Win32
		{2F5FBC3F-4CCD-4C26-9719-C9166D8B0C7D}.Release|Win32.Build.0 = Release|Win32
		{2F5FBC3F-4CCD-4C26-9719-C9166D8B0C7D}.Release|x64.ActiveCfg = Release|x64
		{2F5FBC3F-4CCD-4C26-9719-C9166D8B0C7D}.Release|x64.Build.0 = Release|x64
		{334467FD-E35E-4C3D-9410-69B2171C2BB2}.ASM Debug|Win32.ActiveCfg = Debug|Win32
		{334467FD-E35E-4C3D-9410-69B2171C2BB2}.ASM Debug|Win32.Build.0 = Debug|Win32
		{334467FD-E35E-4C3D-9410-69B2171C2BB2}.ASM Debug|x64.ActiveCfg = Debug|x64
		{334467FD-E35E-4C3D-9410-69B2171C2BB2}.ASM Debug|x64.Build.0 = Debug|x64
		{334467FD-E35E-4C3D-9410-69B2171C2BB2}.ASM Release|Win32.ActiveCfg = Release|Win32
		{334467FD-E35E-4C3D-9410-69B2171C2BB2}.ASM Release|Win32.Build.0 = Release|Win32
		{334467FD-E35E-4C3D-9410-69B2171C2BB2}.ASM Release|x64.ActiveCfg = Release|x64
		{334467FD-E35E-4C3D-9410-69B2171C2BB2}.ASM Release|x64.Build.0 = Release|x64
		{334467FD-E35E-4C3D-9410-69B2171C2BB2}.Debug|Win32.ActiveCfg = Debug|Win32
		{334467FD-E35E-4C3D-9410-69B2171C2BB2}.Debug|Win32.Build.0 = Debug|Win32
		{334467FD-E35E-4C3D-9410-69B2171C2BB2}.Debug|x64.ActiveCfg = Debug|x64
		{334467FD-E35E-4C3D-9410-69B2171C2BB2}.Debug|x64.Build.0 = Debug|x64
		{334467FD-E35E-4C3D-9410-69B2171C2BB2}.DEMO|Win32.ActiveCfg = Debug|x64
		{334467FD-E35E-4C3D-9410-69B2171C2BB2}.DEMO|x64.ActiveCfg = Debug|x64
		{334467FD-E35E-4C3D-9410-69B2171C2BB2}.DEMO|x64.Build.0 = Debug|x64
		{334467FD-E35E-4C3D-9410-69B2171C2BB2}.FULL|Win32.ActiveCfg = IPP|x64
		{334467FD-E35E-4C3D-9410-69B2171C2BB2}.FULL|x64.ActiveCfg = IPP|x64
		{334467FD-E35E-4C3D-9410-69B2171C2BB2}.FULL|x64.Build.0 = IPP|x64
		{334467FD-E35E-4C3D-9410-69B2171C2BB2}.FULLB|Win32.ActiveCfg = IPP|x64
		{334467FD-E35E-4C3D-9410-69B2171C2BB2}.FULLB|x64.ActiveCfg = IPP|x64
		{334467FD-E35E-4C3D-9410-69B2171C2BB2}.FULLB|x64.Build.0 = IPP|x64
		{334467FD-E35E-4C3D-9410-69B2171C2BB2}.FULLC|Win32.ActiveCfg = IPP|x64
		{334467FD-E35E-4C3D-9410-69B2171C2BB2}.FULLC|x64.ActiveCfg = IPP|x64
		{334467FD-E35E-4C3D-9410-69B2171C2BB2}.FULLC|x64.Build.0 = IPP|x64
		{334467FD-E35E-4C3D-9410-69B2171C2BB2}.Http|Win32.ActiveCfg = Release|Win32
		{334467FD-E35E-4C3D-9410-69B2171C2BB2}.Http|Win32.Build.0 = Release|Win32
		{334467FD-E35E-4C3D-9410-69B2171C2BB2}.Http|x64.ActiveCfg = Release|x64
		{334467FD-E35E-4C3D-9410-69B2171C2BB2}.Http|x64.Build.0 = Release|x64
		{334467FD-E35E-4C3D-9410-69B2171C2BB2}.IPP|Win32.ActiveCfg = IPP|Win32
		{334467FD-E35E-4C3D-9410-69B2171C2BB2}.IPP|Win32.Build.0 = IPP|Win32
		{334467FD-E35E-4C3D-9410-69B2171C2BB2}.IPP|x64.ActiveCfg = IPP|x64
		{334467FD-E35E-4C3D-9410-69B2171C2BB2}.IPP|x64.Build.0 = IPP|x64
		{334467FD-E35E-4C3D-9410-69B2171C2BB2}.Release|Win32.ActiveCfg = Release|Win32
		{334467FD-E35E-4C3D-9410-69B2171C2BB2}.Release|Win32.Build.0 = Release|Win32
		{334467FD-E35E-4C3D-9410-69B2171C2BB2}.Release|x64.ActiveCfg = Release|x64
		{334467FD-E35E-4C3D-9410-69B2171C2BB2}.Release|x64.Build.0 = Release|x64
		{BC78A3C8-2280-42AB-BB6F-14FB674E2A0C}.ASM Debug|Win32.ActiveCfg = Debug|Win32
		{BC78A3C8-2280-42AB-BB6F-14FB674E2A0C}.ASM Debug|Win32.Build.0 = Debug|Win32
		{BC78A3C8-2280-42AB-BB6F-14FB674E2A0C}.ASM Debug|x64.ActiveCfg = Debug|x64
		{BC78A3C8-2280-42AB-BB6F-14FB674E2A0C}.ASM Debug|x64.Build.0 = Debug|x64
		{BC78A3C8-2280-42AB-BB6F-14FB674E2A0C}.ASM Release|Win32.ActiveCfg = Release|Win32
		{BC78A3C8-2280-42AB-BB6F-14FB674E2A0C}.ASM Release|Win32.Build.0 = Release|Win32
		{BC78A3C8-2280-42AB-BB6F-14FB674E2A0C}.ASM Release|x64.ActiveCfg = Release|x64
		{BC78A3C8-2280-42AB-BB6F-14FB674E2A0C}.ASM Release|x64.Build.0 = Release|x64
		{BC78A3C8-2280-42AB-BB6F-14FB674E2A0C}.Debug|Win32.ActiveCfg = Debug|Win32
		{BC78A3C8-2280-42AB-BB6F-14FB674E2A0C}.Debug|Win32.Build.0 = Debug|Win32
		{BC78A3C8-2280-42AB-BB6F-14FB674E2A0C}.Debug|x64.ActiveCfg = Debug|x64
		{BC78A3C8-2280-42AB-BB6F-14FB674E2A0C}.Debug|x64.Build.0 = Debug|x64
		{BC78A3C8-2280-42AB-BB6F-14FB674E2A0C}.DEMO|Win32.ActiveCfg = Debug|x64
		{BC78A3C8-2280-42AB-BB6F-14FB674E2A0C}.DEMO|x64.ActiveCfg = Debug|x64
		{BC78A3C8-2280-42AB-BB6F-14FB674E2A0C}.DEMO|x64.Build.0 = Debug|x64
		{BC78A3C8-2280-42AB-BB6F-14FB674E2A0C}.FULL|Win32.ActiveCfg = IPP|x64
		{BC78A3C8-2280-42AB-BB6F-14FB674E2A0C}.FULL|x64.ActiveCfg = IPP|x64
		{BC78A3C8-2280-42AB-BB6F-14FB674E2A0C}.FULL|x64.Build.0 = IPP|x64
		{BC78A3C8-2280-42AB-BB6F-14FB674E2A0C}.FULLB|Win32.ActiveCfg = IPP|x64
		{BC78A3C8-2280-42AB-BB6F-14FB674E2A0C}.FULLB|x64.ActiveCfg = IPP|x64
		{BC78A3C8-2280-42AB-BB6F-14FB674E2A0C}.FULLB|x64.Build.0 = IPP|x64
		{BC78A3C8-2280-42AB-BB6F-14FB674E2A0C}.FULLC|Win32.ActiveCfg = IPP|x64
		{BC78A3C8-2280-42AB-BB6F-14FB674E2A0C}.FULLC|x64.ActiveCfg = IPP|x64
		{BC78A3C8-2280-42AB-BB6F-14FB674E2A0C}.FULLC|x64.Build.0 = IPP|x64
		{BC78A3C8-2280-42AB-BB6F-14FB674E2A0C}.Http|Win32.ActiveCfg = Debug|Win32
		{BC78A3C8-2280-42AB-BB6F-14FB674E2A0C}.Http|Win32.Build.0 = Debug|Win32
		{BC78A3C8-2280-42AB-BB6F-14FB674E2A0C}.Http|x64.ActiveCfg = Debug|x64
		{BC78A3C8-2280-42AB-BB6F-14FB674E2A0C}.Http|x64.Build.0 = Debug|x64
		{BC78A3C8-2280-42AB-BB6F-14FB674E2A0C}.IPP|Win32.ActiveCfg = IPP|Win32
		{BC78A3C8-2280-42AB-BB6F-14FB674E2A0C}.IPP|Win32.Build.0 = IPP|Win32
		{BC78A3C8-2280-42AB-BB6F-14FB674E2A0C}.IPP|x64.ActiveCfg = IPP|x64
		{BC78A3C8-2280-42AB-BB6F-14FB674E2A0C}.IPP|x64.Build.0 = IPP|x64
		{BC78A3C8-2280-42AB-BB6F-14FB674E2A0C}.Release|Win32.ActiveCfg = Release|Win32
		{BC78A3C8-2280-42AB-BB6F-14FB674E2A0C}.Release|Win32.Build.0 = Release|Win32
		{BC78A3C8-2280-42AB-BB6F-14FB674E2A0C}.Release|x64.ActiveCfg = Release|x64
		{BC78A3C8-2280-42AB-BB6F-14FB674E2A0C}.Release|x64.Build.0 = Release|x64
		{CAA83204-EBF8-4369-B152-011EA957784C}.ASM Debug|Win32.ActiveCfg = Debug|Win32
		{CAA83204-EBF8-4369-B152-011EA957784C}.ASM Debug|Win32.Build.0 = Debug|Win32
		{CAA83204-EBF8-4369-B152-011EA957784C}.ASM Debug|x64.ActiveCfg = Debug|x64
		{CAA83204-EBF8-4369-B152-011EA957784C}.ASM Debug|x64.Build.0 = Debug|x64
		{CAA83204-EBF8-4369-B152-011EA957784C}.ASM Release|Win32.ActiveCfg = Release|Win32
		{CAA83204-EBF8-4369-B152-011EA957784C}.ASM Release|Win32.Build.0 = Release|Win32
		{CAA83204-EBF8-4369-B152-011EA957784C}.ASM Release|x64.ActiveCfg = Release|x64
		{CAA83204-EBF8-4369-B152-011EA957784C}.ASM Release|x64.Build.0 = Release|x64
		{CAA83204-EBF8-4369-B152-011EA957784C}.Debug|Win32.ActiveCfg = Debug|Win32
		{CAA83204-EBF8-4369-B152-011EA957784C}.Debug|Win32.Build.0 = Debug|Win32
		{CAA83204-EBF8-4369-B152-011EA957784C}.Debug|x64.ActiveCfg = Debug|x64
		{CAA83204-EBF8-4369-B152-011EA957784C}.Debug|x64.Build.0 = Debug|x64
		{CAA83204-EBF8-4369-B152-011EA957784C}.DEMO|Win32.ActiveCfg = Debug|x64
		{CAA83204-EBF8-4369-B152-011EA957784C}.DEMO|x64.ActiveCfg = Debug|x64
		{CAA83204-EBF8-4369-B152-011EA957784C}.DEMO|x64.Build.0 = Debug|x64
		{CAA83204-EBF8-4369-B152-011EA957784C}.FULL|Win32.ActiveCfg = IPP|x64
		{CAA83204-EBF8-4369-B152-011EA957784C}.FULL|x64.ActiveCfg = IPP|x64
		{CAA83204-EBF8-4369-B152-011EA957784C}.FULL|x64.Build.0 = IPP|x64
		{CAA83204-EBF8-4369-B152-011EA957784C}.FULLB|Win32.ActiveCfg = IPP|x64
		{CAA83204-EBF8-4369-B152-011EA957784C}.FULLB|x64.ActiveCfg = IPP|x64
		{CAA83204-EBF8-4369-B152-011EA957784C}.FULLB|x64.Build.0 = IPP|x64
		{CAA83204-EBF8-4369-B152-011EA957784C}.FULLC|Win32.ActiveCfg = IPP|x64
		{CAA83204-EBF8-4369-B152-011EA957784C}.FULLC|x64.ActiveCfg = IPP|x64
		{CAA83204-EBF8-4369-B152-011EA957784C}.FULLC|x64.Build.0 = IPP|x64
		{CAA83204-EBF8-4369-B152-011EA957784C}.Http|Win32.ActiveCfg = Debug|Win32
		{CAA83204-EBF8-4369-B152-011EA957784C}.Http|Win32.Build.0 = Debug|Win32
		{CAA83204-EBF8-4369-B152-011EA957784C}.Http|x64.ActiveCfg = Debug|x64
		{CAA83204-EBF8-4369-B152-011EA957784C}.Http|x64.Build.0 = Debug|x64
		{CAA83204-EBF8-4369-B152-011EA957784C}.IPP|Win32.ActiveCfg = IPP|Win32
		{CAA83204-EBF8-4369-B152-011EA957784C}.IPP|Win32.Build.0 = IPP|Win32
		{CAA83204-EBF8-4369-B152-011EA957784C}.IPP|x64.ActiveCfg = IPP|x64
		{CAA83204-EBF8-4369-B152-011EA957784C}.IPP|x64.Build.0 = IPP|x64
		{CAA83204-EBF8-4369-B152-011EA957784C}.Release|Win32.ActiveCfg = Release|Win32
		{CAA83204-EBF8-4369-B152-011EA957784C}.Release|Win32.Build.0 = Release|Win32
		{CAA83204-EBF8-4369-B152-011EA957784C}.Release|x64.ActiveCfg = Release|x64
		{CAA83204-EBF8-4369-B152-011EA957784C}.Release|x64.Build.0 = Release|x64
		{31AC9E7D-64B7-4301-ADE2-5EFF15AA6BDE}.ASM Debug|Win32.ActiveCfg = Debug|Win32
		{31AC9E7D-64B7-4301-ADE2-5EFF15AA6BDE}.ASM Debug|Win32.Build.0 = Debug|Win32
		{31AC9E7D-64B7-4301-ADE2-5EFF15AA6BDE}.ASM Debug|x64.ActiveCfg = Debug|x64
		{31AC9E7D-64B7-4301-ADE2-5EFF15AA6BDE}.ASM Debug|x64.Build.0 = Debug|x64
		{31AC9E7D-64B7-4301-ADE2-5EFF15AA6BDE}.ASM Release|Win32.ActiveCfg = Release|Win32
		{31AC9E7D-64B7-4301-ADE2-5EFF15AA6BDE}.ASM Release|Win32.Build.0 = Release|Win32
		{31AC9E7D-64B7-4301-ADE2-5EFF15AA6BDE}.ASM Release|x64.ActiveCfg = Release|x64
		{31AC9E7D-64B7-4301-ADE2-5EFF15AA6BDE}.ASM Release|x64.Build.0 = Release|x64
		{31AC9E7D-64B7-4301-ADE2-5EFF15AA6BDE}.Debug|Win32.ActiveCfg = Debug|Win32
		{31AC9E7D-64B7-4301-ADE2-5EFF15AA6BDE}.Debug|Win32.Build.0 = Debug|Win32
		{31AC9E7D-64B7-4301-ADE2-5EFF15AA6BDE}.Debug|x64.ActiveCfg = Debug|x64
		{31AC9E7D-64B7-4301-ADE2-5EFF15AA6BDE}.Debug|x64.Build.0 = Debug|x64
		{31AC9E7D-64B7-4301-ADE2-5EFF15AA6BDE}.DEMO|Win32.ActiveCfg = Debug|x64
		{31AC9E7D-64B7-4301-ADE2-5EFF15AA6BDE}.DEMO|x64.ActiveCfg = Debug|x64
		{31AC9E7D-64B7-4301-ADE2-5EFF15AA6BDE}.DEMO|x64.Build.0 = Debug|x64
		{31AC9E7D-64B7-4301-ADE2-5EFF15AA6BDE}.FULL|Win32.ActiveCfg = IPP|x64
		{31AC9E7D-64B7-4301-ADE2-5EFF15AA6BDE}.FULL|x64.ActiveCfg = IPP|x64
		{31AC9E7D-64B7-4301-ADE2-5EFF15AA6BDE}.FULL|x64.Build.0 = IPP|x64
		{31AC9E7D-64B7-4301-ADE2-5EFF15AA6BDE}.FULLB|Win32.ActiveCfg = IPP|x64
		{31AC9E7D-64B7-4301-ADE2-5EFF15AA6BDE}.FULLB|x64.ActiveCfg = IPP|x64
		{31AC9E7D-64B7-4301-ADE2-5EFF15AA6BDE}.FULLB|x64.Build.0 = IPP|x64
		{31AC9E7D-64B7-4301-ADE2-5EFF15AA6BDE}.FULLC|Win32.ActiveCfg = IPP|x64
		{31AC9E7D-64B7-4301-ADE2-5EFF15AA6BDE}.FULLC|x64.ActiveCfg = IPP|x64
		{31AC9E7D-64B7-4301-ADE2-5EFF15AA6BDE}.FULLC|x64.Build.0 = IPP|x64
		{31AC9E7D-64B7-4301-ADE2-5EFF15AA6BDE}.Http|Win32.ActiveCfg = Debug|Win32
		{31AC9E7D-64B7-4301-ADE2-5EFF15AA6BDE}.Http|Win32.Build.0 = Debug|Win32
		{31AC9E7D-64B7-4301-ADE2-5EFF15AA6BDE}.Http|x64.ActiveCfg = Debug|x64
		{31AC9E7D-64B7-4301-ADE2-5EFF15AA6BDE}.Http|x64.Build.0 = Debug|x64
		{31AC9E7D-64B7-4301-ADE2-5EFF15AA6BDE}.IPP|Win32.ActiveCfg = IPP|Win32
		{31AC9E7D-64B7-4301-ADE2-5EFF15AA6BDE}.IPP|Win32.Build.0 = IPP|Win32
		{31AC9E7D-64B7-4301-ADE2-5EFF15AA6BDE}.IPP|x64.ActiveCfg = IPP|x64
		{31AC9E7D-64B7-4301-ADE2-5EFF15AA6BDE}.IPP|x64.Build.0 = IPP|x64
		{31AC9E7D-64B7-4301-ADE2-5EFF15AA6BDE}.Release|Win32.ActiveCfg = Release|Win32
		{31AC9E7D-64B7-4301-ADE2-5EFF15AA6BDE}.Release|Win32.Build.0 = Release|Win32
		{31AC9E7D-64B7-4301-ADE2-5EFF15AA6BDE}.Release|x64.ActiveCfg = Release|x64
		{31AC9E7D-64B7-4301-ADE2-5EFF15AA6BDE}.Release|x64.Build.0 = Release|x64
		{181769CB-5295-452F-A421-FE1F9ED2022A}.ASM Debug|Win32.ActiveCfg = Debug|Win32
		{181769CB-5295-452F-A421-FE1F9ED2022A}.ASM Debug|Win32.Build.0 = Debug|Win32
		{181769CB-5295-452F-A421-FE1F9ED2022A}.ASM Debug|x64.ActiveCfg = Debug|x64
		{181769CB-5295-452F-A421-FE1F9ED2022A}.ASM Debug|x64.Build.0 = Debug|x64
		{181769CB-5295-452F-A421-FE1F9ED2022A}.ASM Release|Win32.ActiveCfg = Release|Win32
		{181769CB-5295-452F-A421-FE1F9ED2022A}.ASM Release|Win32.Build.0 = Release|Win32
		{181769CB-5295-452F-A421-FE1F9ED2022A}.ASM Release|x64.ActiveCfg = Release|x64
		{181769CB-5295-452F-A421-FE1F9ED2022A}.ASM Release|x64.Build.0 = Release|x64
		{181769CB-5295-452F-A421-FE1F9ED2022A}.Debug|Win32.ActiveCfg = Debug|Win32
		{181769CB-5295-452F-A421-FE1F9ED2022A}.Debug|Win32.Build.0 = Debug|Win32
		{181769CB-5295-452F-A421-FE1F9ED2022A}.Debug|x64.ActiveCfg = Debug|x64
		{181769CB-5295-452F-A421-FE1F9ED2022A}.Debug|x64.Build.0 = Debug|x64
		{181769CB-5295-452F-A421-FE1F9ED2022A}.DEMO|Win32.ActiveCfg = Debug|x64
		{181769CB-5295-452F-A421-FE1F9ED2022A}.DEMO|x64.ActiveCfg = Debug|x64
		{181769CB-5295-452F-A421-FE1F9ED2022A}.DEMO|x64.Build.0 = Debug|x64
		{181769CB-5295-452F-A421-FE1F9ED2022A}.FULL|Win32.ActiveCfg = IPP|x64
		{181769CB-5295-452F-A421-FE1F9ED2022A}.FULL|x64.ActiveCfg = IPP|x64
		{181769CB-5295-452F-A421-FE1F9ED2022A}.FULL|x64.Build.0 = IPP|x64
		{181769CB-5295-452F-A421-FE1F9ED2022A}.FULLB|Win32.ActiveCfg = IPP|x64
		{181769CB-5295-452F-A421-FE1F9ED2022A}.FULLB|x64.ActiveCfg = IPP|x64
		{181769CB-5295-452F-A421-FE1F9ED2022A}.FULLB|x64.Build.0 = IPP|x64
		{181769CB-5295-452F-A421-FE1F9ED2022A}.FULLC|Win32.ActiveCfg = IPP|x64
		{181769CB-5295-452F-A421-FE1F9ED2022A}.FULLC|x64.ActiveCfg = IPP|x64
		{181769CB-5295-452F-A421-FE1F9ED2022A}.FULLC|x64.Build.0 = IPP|x64
		{181769CB-5295-452F-A421-FE1F9ED2022A}.Http|Win32.ActiveCfg = Release|Win32
		{181769CB-5295-452F-A421-FE1F9ED2022A}.Http|Win32.Build.0 = Release|Win32
		{181769CB-5295-452F-A421-FE1F9ED2022A}.Http|x64.ActiveCfg = Release|x64
		{181769CB-5295-452F-A421-FE1F9ED2022A}.Http|x64.Build.0 = Release|x64
		{181769CB-5295-452F-A421-FE1F9ED2022A}.IPP|Win32.ActiveCfg = IPP|Win32
		{181769CB-5295-452F-A421-FE1F9ED2022A}.IPP|Win32.Build.0 = IPP|Win32
		{181769CB-5295-452F-A421-FE1F9ED2022A}.IPP|x64.ActiveCfg = IPP|x64
		{181769CB-5295-452F-A421-FE1F9ED2022A}.IPP|x64.Build.0 = IPP|x64
		{181769CB-5295-452F-A421-FE1F9ED2022A}.Release|Win32.ActiveCfg = Release|Win32
		{181769CB-5295-452F-A421-FE1F9ED2022A}.Release|Win32.Build.0 = Release|Win32
		{181769CB-5295-452F-A421-FE1F9ED2022A}.Release|x64.ActiveCfg = Release|x64
		{181769CB-5295-452F-A421-FE1F9ED2022A}.Release|x64.Build.0 = Release|x64
		{D50AEB07-5F5E-4401-9B50-C1660E693833}.ASM Debug|Win32.ActiveCfg = Debug|Win32
		{D50AEB07-5F5E-4401-9B50-C1660E693833}.ASM Debug|Win32.Build.0 = Debug|Win32
		{D50AEB07-5F5E-4401-9B50-C1660E693833}.ASM Debug|x64.ActiveCfg = Debug|x64
		{D50AEB07-5F5E-4401-9B50-C1660E693833}.ASM Debug|x64.Build.0 = Debug|x64
		{D50AEB07-5F5E-4401-9B50-C1660E693833}.ASM Release|Win32.ActiveCfg = Release|Win32
		{D50AEB07-5F5E-4401-9B50-C1660E693833}.ASM Release|Win32.Build.0 = Release|Win32
		{D50AEB07-5F5E-4401-9B50-C1660E693833}.ASM Release|x64.ActiveCfg = Release|x64
		{D50AEB07-5F5E-4401-9B50-C1660E693833}.ASM Release|x64.Build.0 = Release|x64
		{D50AEB07-5F5E-4401-9B50-C1660E693833}.Debug|Win32.ActiveCfg = Debug|Win32
		{D50AEB07-5F5E-4401-9B50-C1660E693833}.Debug|Win32.Build.0 = Debug|Win32
		{D50AEB07-5F5E-4401-9B50-C1660E693833}.Debug|x64.ActiveCfg = Debug|x64
		{D50AEB07-5F5E-4401-9B50-C1660E693833}.Debug|x64.Build.0 = Debug|x64
		{D50AEB07-5F5E-4401-9B50-C1660E693833}.DEMO|Win32.ActiveCfg = Debug|x64
		{D50AEB07-5F5E-4401-9B50-C1660E693833}.DEMO|x64.ActiveCfg = Debug|x64
		{D50AEB07-5F5E-4401-9B50-C1660E693833}.DEMO|x64.Build.0 = Debug|x64
		{D50AEB07-5F5E-4401-9B50-C1660E693833}.FULL|Win32.ActiveCfg = IPP|x64
		{D50AEB07-5F5E-4401-9B50-C1660E693833}.FULL|x64.ActiveCfg = IPP|x64
		{D50AEB07-5F5E-4401-9B50-C1660E693833}.FULL|x64.Build.0 = IPP|x64
		{D50AEB07-5F5E-4401-9B50-C1660E693833}.FULLB|Win32.ActiveCfg = IPP|x64
		{D50AEB07-5F5E-4401-9B50-C1660E693833}.FULLB|x64.ActiveCfg = IPP|x64
		{D50AEB07-5F5E-4401-9B50-C1660E693833}.FULLB|x64.Build.0 = IPP|x64
		{D50AEB07-5F5E-4401-9B50-C1660E693833}.FULLC|Win32.ActiveCfg = IPP|x64
		{D50AEB07-5F5E-4401-9B50-C1660E693833}.FULLC|x64.ActiveCfg = IPP|x64
		{D50AEB07-5F5E-4401-9B50-C1660E693833}.FULLC|x64.Build.0 = IPP|x64
		{D50AEB07-5F5E-4401-9B50-C1660E693833}.Http|Win32.ActiveCfg = Release|Win32
		{D50AEB07-5F5E-4401-9B50-C1660E693833}.Http|Win32.Build.0 = Release|Win32
		{D50AEB07-5F5E-4401-9B50-C1660E693833}.Http|x64.ActiveCfg = Release|x64
		{D50AEB07-5F5E-4401-9B50-C1660E693833}.Http|x64.Build.0 = Release|x64
		{D50AEB07-5F5E-4401-9B50-C1660E693833}.IPP|Win32.ActiveCfg = IPP|Win32
		{D50AEB07-5F5E-4401-9B50-C1660E693833}.IPP|Win32.Build.0 = IPP|Win32
		{D50AEB07-5F5E-4401-9B50-C1660E693833}.IPP|x64.ActiveCfg = IPP|x64
		{D50AEB07-5F5E-4401-9B50-C1660E693833}.IPP|x64.Build.0 = IPP|x64
		{D50AEB07-5F5E-4401-9B50-C1660E693833}.Release|Win32.ActiveCfg = Release|Win32
		{D50AEB07-5F5E-4401-9B50-C1660E693833}.Release|Win32.Build.0 = Release|Win32
		{D50AEB07-5F5E-4401-9B50-C1660E693833}.Release|x64.ActiveCfg = Release|x64
		{D50AEB07-5F5E-4401-9B50-C1660E693833}.Release|x64.Build.0 = Release|x64
		{E543B602-5529-4B23-8D2A-3709857F5066}.ASM Debug|Win32.ActiveCfg = Debug|Win32
		{E543B602-5529-4B23-8D2A-3709857F5066}.ASM Debug|Win32.Build.0 = Debug|Win32
		{E543B602-5529-4B23-8D2A-3709857F5066}.ASM Debug|x64.ActiveCfg = Debug|x64
		{E543B602-5529-4B23-8D2A-3709857F5066}.ASM Debug|x64.Build.0 = Debug|x64
		{E543B602-5529-4B23-8D2A-3709857F5066}.ASM Release|Win32.ActiveCfg = Release|Win32
		{E543B602-5529-4B23-8D2A-3709857F5066}.ASM Release|Win32.Build.0 = Release|Win32
		{E543B602-5529-4B23-8D2A-3709857F5066}.ASM Release|x64.ActiveCfg = Release|x64
		{E543B602-5529-4B23-8D2A-3709857F5066}.ASM Release|x64.Build.0 = Release|x64
		{E543B602-5529-4B23-8D2A-3709857F5066}.Debug|Win32.ActiveCfg = Debug|Win32
		{E543B602-5529-4B23-8D2A-3709857F5066}.Debug|Win32.Build.0 = Debug|Win32
		{E543B602-5529-4B23-8D2A-3709857F5066}.Debug|x64.ActiveCfg = Debug|x64
		{E543B602-5529-4B23-8D2A-3709857F5066}.Debug|x64.Build.0 = Debug|x64
		{E543B602-5529-4B23-8D2A-3709857F5066}.DEMO|Win32.ActiveCfg = Debug|x64
		{E543B602-5529-4B23-8D2A-3709857F5066}.DEMO|x64.ActiveCfg = Debug|x64
		{E543B602-5529-4B23-8D2A-3709857F5066}.DEMO|x64.Build.0 = Debug|x64
		{E543B602-5529-4B23-8D2A-3709857F5066}.FULL|Win32.ActiveCfg = IPP|x64
		{E543B602-5529-4B23-8D2A-3709857F5066}.FULL|x64.ActiveCfg = IPP|x64
		{E543B602-5529-4B23-8D2A-3709857F5066}.FULL|x64.Build.0 = IPP|x64
		{E543B602-5529-4B23-8D2A-3709857F5066}.FULLB|Win32.ActiveCfg = IPP|x64
		{E543B602-5529-4B23-8D2A-3709857F5066}.FULLB|x64.ActiveCfg = IPP|x64
		{E543B602-5529-4B23-8D2A-3709857F5066}.FULLB|x64.Build.0 = IPP|x64
		{E543B602-5529-4B23-8D2A-3709857F5066}.FULLC|Win32.ActiveCfg = IPP|x64
		{E543B602-5529-4B23-8D2A-3709857F5066}.FULLC|x64.ActiveCfg = IPP|x64
		{E543B602-5529-4B23-8D2A-3709857F5066}.FULLC|x64.Build.0 = IPP|x64
		{E543B602-5529-4B23-8D2A-3709857F5066}.Http|Win32.ActiveCfg = Debug|Win32
		{E543B602-5529-4B23-8D2A-3709857F5066}.Http|Win32.Build.0 = Debug|Win32
		{E543B602-5529-4B23-8D2A-3709857F5066}.Http|x64.ActiveCfg = Debug|x64
		{E543B602-5529-4B23-8D2A-3709857F5066}.Http|x64.Build.0 = Debug|x64
		{E543B602-5529-4B23-8D2A-3709857F5066}.IPP|Win32.ActiveCfg = IPP|Win32
		{E543B602-5529-4B23-8D2A-3709857F5066}.IPP|Win32.Build.0 = IPP|Win32
		{E543B602-5529-4B23-8D2A-3709857F5066}.IPP|x64.ActiveCfg = IPP|x64
		{E543B602-5529-4B23-8D2A-3709857F5066}.IPP|x64.Build.0 = IPP|x64
		{E543B602-5529-4B23-8D2A-3709857F5066}.Release|Win32.ActiveCfg = Release|Win32
		{E543B602-5529-4B23-8D2A-3709857F5066}.Release|Win32.Build.0 = Release|Win32
		{E543B602-5529-4B23-8D2A-3709857F5066}.Release|x64.ActiveCfg = Release|x64
		{E543B602-5529-4B23-8D2A-3709857F5066}.Release|x64.Build.0 = Release|x64
		{E52B9956-FE67-47F7-BC4F-67CC5A64B708}.ASM Debug|Win32.ActiveCfg = Debug|Win32
		{E52B9956-FE67-47F7-BC4F-67CC5A64B708}.ASM Debug|Win32.Build.0 = Debug|Win32
		{E52B9956-FE67-47F7-BC4F-67CC5A64B708}.ASM Debug|x64.ActiveCfg = Debug|x64
		{E52B9956-FE67-47F7-BC4F-67CC5A64B708}.ASM Debug|x64.Build.0 = Debug|x64
		{E52B9956-FE67-47F7-BC4F-67CC5A64B708}.ASM Release|Win32.ActiveCfg = Release|Win32
		{E52B9956-FE67-47F7-BC4F-67CC5A64B708}.ASM Release|Win32.Build.0 = Release|Win32
		{E52B9956-FE67-47F7-BC4F-67CC5A64B708}.ASM Release|x64.ActiveCfg = Release|x64
		{E52B9956-FE67-47F7-BC4F-67CC5A64B708}.ASM Release|x64.Build.0 = Release|x64
		{E52B9956-FE67-47F7-BC4F-67CC5A64B708}.Debug|Win32.ActiveCfg = Debug|Win32
		{E52B9956-FE67-47F7-BC4F-67CC5A64B708}.Debug|Win32.Build.0 = Debug|Win32
		{E52B9956-FE67-47F7-BC4F-67CC5A64B708}.Debug|x64.ActiveCfg = Debug|x64
		{E52B9956-FE67-47F7-BC4F-67CC5A64B708}.Debug|x64.Build.0 = Debug|x64
		{E52B9956-FE67-47F7-BC4F-67CC5A64B708}.DEMO|Win32.ActiveCfg = Debug|x64
		{E52B9956-FE67-47F7-BC4F-67CC5A64B708}.DEMO|x64.ActiveCfg = Debug|x64
		{E52B9956-FE67-47F7-BC4F-67CC5A64B708}.DEMO|x64.Build.0 = Debug|x64
		{E52B9956-FE67-47F7-BC4F-67CC5A64B708}.FULL|Win32.ActiveCfg = IPP|x64
		{E52B9956-FE67-47F7-BC4F-67CC5A64B708}.FULL|x64.ActiveCfg = IPP|x64
		{E52B9956-FE67-47F7-BC4F-67CC5A64B708}.FULL|x64.Build.0 = IPP|x64
		{E52B9956-FE67-47F7-BC4F-67CC5A64B708}.FULLB|Win32.ActiveCfg = IPP|x64
		{E52B9956-FE67-47F7-BC4F-67CC5A64B708}.FULLB|x64.ActiveCfg = IPP|x64
		{E52B9956-FE67-47F7-BC4F-67CC5A64B708}.FULLB|x64.Build.0 = IPP|x64
		{E52B9956-FE67-47F7-BC4F-67CC5A64B708}.FULLC|Win32.ActiveCfg = IPP|x64
		{E52B9956-FE67-47F7-BC4F-67CC5A64B708}.FULLC|x64.ActiveCfg = IPP|x64
		{E52B9956-FE67-47F7-BC4F-67CC5A64B708}.FULLC|x64.Build.0 = IPP|x64
		{E52B9956-FE67-47F7-BC4F-67CC5A64B708}.Http|Win32.ActiveCfg = Release|Win32
		{E52B9956-FE67-47F7-BC4F-67CC5A64B708}.Http|Win32.Build.0 = Release|Win32
		{E52B9956-FE67-47F7-BC4F-67CC5A64B708}.Http|x64.ActiveCfg = Release|x64
		{E52B9956-FE67-47F7-BC4F-67CC5A64B708}.Http|x64.Build.0 = Release|x64
		{E52B9956-FE67-47F7-BC4F-67CC5A64B708}.IPP|Win32.ActiveCfg = IPP|Win32
		{E52B9956-FE67-47F7-BC4F-67CC5A64B708}.IPP|Win32.Build.0 = IPP|Win32
		{E52B9956-FE67-47F7-BC4F-67CC5A64B708}.IPP|x64.ActiveCfg = IPP|x64
		{E52B9956-FE67-47F7-BC4F-67CC5A64B708}.IPP|x64.Build.0 = IPP|x64
		{E52B9956-FE67-47F7-BC4F-67CC5A64B708}.Release|Win32.ActiveCfg = Release|Win32
		{E52B9956-FE67-47F7-BC4F-67CC5A64B708}.Release|Win32.Build.0 = Release|Win32
		{E52B9956-FE67-47F7-BC4F-67CC5A64B708}.Release|x64.ActiveCfg = Release|x64
		{E52B9956-FE67-47F7-BC4F-67CC5A64B708}.Release|x64.Build.0 = Release|x64
		{F5244002-0FFF-4F19-A941-FCCE1861F132}.ASM Debug|Win32.ActiveCfg = Debug|Win32
		{F5244002-0FFF-4F19-A941-FCCE1861F132}.ASM Debug|Win32.Build.0 = Debug|Win32
		{F5244002-0FFF-4F19-A941-FCCE1861F132}.ASM Debug|x64.ActiveCfg = Debug|x64
		{F5244002-0FFF-4F19-A941-FCCE1861F132}.ASM Debug|x64.Build.0 = Debug|x64
		{F5244002-0FFF-4F19-A941-FCCE1861F132}.ASM Release|Win32.ActiveCfg = Release|Win32
		{F5244002-0FFF-4F19-A941-FCCE1861F132}.ASM Release|Win32.Build.0 = Release|Win32
		{F5244002-0FFF-4F19-A941-FCCE1861F132}.ASM Release|x64.ActiveCfg = Release|x64
		{F5244002-0FFF-4F19-A941-FCCE1861F132}.ASM Release|x64.Build.0 = Release|x64
		{F5244002-0FFF-4F19-A941-FCCE1861F132}.Debug|Win32.ActiveCfg = Debug|Win32
		{F5244002-0FFF-4F19-A941-FCCE1861F132}.Debug|Win32.Build.0 = Debug|Win32
		{F5244002-0FFF-4F19-A941-FCCE1861F132}.Debug|x64.ActiveCfg = Debug|x64
		{F5244002-0FFF-4F19-A941-FCCE1861F132}.Debug|x64.Build.0 = Debug|x64
		{F5244002-0FFF-4F19-A941-FCCE1861F132}.DEMO|Win32.ActiveCfg = Debug|x64
		{F5244002-0FFF-4F19-A941-FCCE1861F132}.DEMO|x64.ActiveCfg = Debug|x64
		{F5244002-0FFF-4F19-A941-FCCE1861F132}.DEMO|x64.Build.0 = Debug|x64
		{F5244002-0FFF-4F19-A941-FCCE1861F132}.FULL|Win32.ActiveCfg = IPP|x64
		{F5244002-0FFF-4F19-A941-FCCE1861F132}.FULL|x64.ActiveCfg = IPP|x64
		{F5244002-0FFF-4F19-A941-FCCE1861F132}.FULL|x64.Build.0 = IPP|x64
		{F5244002-0FFF-4F19-A941-FCCE1861F132}.FULLB|Win32.ActiveCfg = IPP|x64
		{F5244002-0FFF-4F19-A941-FCCE1861F132}.FULLB|x64.ActiveCfg = IPP|x64
		{F5244002-0FFF-4F19-A941-FCCE1861F132}.FULLB|x64.Build.0 = IPP|x64
		{F5244002-0FFF-4F19-A941-FCCE1861F132}.FULLC|Win32.ActiveCfg = IPP|x64
		{F5244002-0FFF-4F19-A941-FCCE1861F132}.FULLC|x64.ActiveCfg = IPP|x64
		{F5244002-0FFF-4F19-A941-FCCE1861F132}.FULLC|x64.Build.0 = IPP|x64
		{F5244002-0FFF-4F19-A941-FCCE1861F132}.Http|Win32.ActiveCfg = Debug|Win32
		{F5244002-0FFF-4F19-A941-FCCE1861F132}.Http|Win32.Build.0 = Debug|Win32
		{F5244002-0FFF-4F19-A941-FCCE1861F132}.Http|x64.ActiveCfg = Debug|x64
		{F5244002-0FFF-4F19-A941-FCCE1861F132}.Http|x64.Build.0 = Debug|x64
		{F5244002-0FFF-4F19-A941-FCCE1861F132}.IPP|Win32.ActiveCfg = IPP|Win32
		{F5244002-0FFF-4F19-A941-FCCE1861F132}.IPP|Win32.Build.0 = IPP|Win32
		{F5244002-0FFF-4F19-A941-FCCE1861F132}.IPP|x64.ActiveCfg = IPP|x64
		{F5244002-0FFF-4F19-A941-FCCE1861F132}.IPP|x64.Build.0 = IPP|x64
		{F5244002-0FFF-4F19-A941-FCCE1861F132}.Release|Win32.ActiveCfg = Release|Win32
		{F5244002-0FFF-4F19-A941-FCCE1861F132}.Release|Win32.Build.0 = Release|Win32
		{F5244002-0FFF-4F19-A941-FCCE1861F132}.Release|x64.ActiveCfg = Release|x64
		{F5244002-0FFF-4F19-A941-FCCE1861F132}.Release|x64.Build.0 = Release|x64
		{C05BE60B-FBDF-430F-B041-5089262E8FB5}.ASM Debug|Win32.ActiveCfg = Debug|Win32
		{C05BE60B-FBDF-430F-B041-5089262E8FB5}.ASM Debug|Win32.Build.0 = Debug|Win32
		{C05BE60B-FBDF-430F-B041-5089262E8FB5}.ASM Debug|x64.ActiveCfg = Debug|x64
		{C05BE60B-FBDF-430F-B041-5089262E8FB5}.ASM Debug|x64.Build.0 = Debug|x64
		{C05BE60B-FBDF-430F-B041-5089262E8FB5}.ASM Release|Win32.ActiveCfg = Release|Win32
		{C05BE60B-FBDF-430F-B041-5089262E8FB5}.ASM Release|Win32.Build.0 = Release|Win32
		{C05BE60B-FBDF-430F-B041-5089262E8FB5}.ASM Release|x64.ActiveCfg = Release|x64
		{C05BE60B-FBDF-430F-B041-5089262E8FB5}.ASM Release|x64.Build.0 = Release|x64
		{C05BE60B-FBDF-430F-B041-5089262E8FB5}.Debug|Win32.ActiveCfg = Debug|Win32
		{C05BE60B-FBDF-430F-B041-5089262E8FB5}.Debug|Win32.Build.0 = Debug|Win32
		{C05BE60B-FBDF-430F-B041-5089262E8FB5}.Debug|x64.ActiveCfg = Debug|x64
		{C05BE60B-FBDF-430F-B041-5089262E8FB5}.Debug|x64.Build.0 = Debug|x64
		{C05BE60B-FBDF-430F-B041-5089262E8FB5}.DEMO|Win32.ActiveCfg = Debug|x64
		{C05BE60B-FBDF-430F-B041-5089262E8FB5}.DEMO|x64.ActiveCfg = Debug|x64
		{C05BE60B-FBDF-430F-B041-5089262E8FB5}.DEMO|x64.Build.0 = Debug|x64
		{C05BE60B-FBDF-430F-B041-5089262E8FB5}.FULL|Win32.ActiveCfg = IPP|x64
		{C05BE60B-FBDF-430F-B041-5089262E8FB5}.FULL|x64.ActiveCfg = IPP|x64
		{C05BE60B-FBDF-430F-B041-5089262E8FB5}.FULL|x64.Build.0 = IPP|x64
		{C05BE60B-FBDF-430F-B041-5089262E8FB5}.FULLB|Win32.ActiveCfg = IPP|x64
		{C05BE60B-FBDF-430F-B041-5089262E8FB5}.FULLB|x64.ActiveCfg = IPP|x64
		{C05BE60B-FBDF-430F-B041-5089262E8FB5}.FULLB|x64.Build.0 = IPP|x64
		{C05BE60B-FBDF-430F-B041-5089262E8FB5}.FULLC|Win32.ActiveCfg = IPP|x64
		{C05BE60B-FBDF-430F-B041-5089262E8FB5}.FULLC|x64.ActiveCfg = IPP|x64
		{C05BE60B-FBDF-430F-B041-5089262E8FB5}.FULLC|x64.Build.0 = IPP|x64
		{C05BE60B-FBDF-430F-B041-5089262E8FB5}.Http|Win32.ActiveCfg = Release|Win32
		{C05BE60B-FBDF-430F-B041-5089262E8FB5}.Http|Win32.Build.0 = Release|Win32
		{C05BE60B-FBDF-430F-B041-5089262E8FB5}.Http|x64.ActiveCfg = Release|x64
		{C05BE60B-FBDF-430F-B041-5089262E8FB5}.Http|x64.Build.0 = Release|x64
		{C05BE60B-FBDF-430F-B041-5089262E8FB5}.IPP|Win32.ActiveCfg = IPP|Win32
		{C05BE60B-FBDF-430F-B041-5089262E8FB5}.IPP|Win32.Build.0 = IPP|Win32
		{C05BE60B-FBDF-430F-B041-5089262E8FB5}.IPP|x64.ActiveCfg = IPP|x64
		{C05BE60B-FBDF-430F-B041-5089262E8FB5}.IPP|x64.Build.0 = IPP|x64
		{C05BE60B-FBDF-430F-B041-5089262E8FB5}.Release|Win32.ActiveCfg = Release|Win32
		{C05BE60B-FBDF-430F-B041-5089262E8FB5}.Release|Win32.Build.0 = Release|Win32
		{C05BE60B-FBDF-430F-B041-5089262E8FB5}.Release|x64.ActiveCfg = Release|x64
		{C05BE60B-FBDF-430F-B041-5089262E8FB5}.Release|x64.Build.0 = Release|x64
		{1D18E045-6B72-43F4-ACBD-3E679A3DE349}.ASM Debug|Win32.ActiveCfg = Debug|Win32
		{1D18E045-6B72-43F4-ACBD-3E679A3DE349}.ASM Debug|Win32.Build.0 = Debug|Win32
		{1D18E045-6B72-43F4-ACBD-3E679A3DE349}.ASM Debug|x64.ActiveCfg = Debug|x64
		{1D18E045-6B72-43F4-ACBD-3E679A3DE349}.ASM Debug|x64.Build.0 = Debug|x64
		{1D18E045-6B72-43F4-ACBD-3E679A3DE349}.ASM Release|Win32.ActiveCfg = Release|Win32
		{1D18E045-6B72-43F4-ACBD-3E679A3DE349}.ASM Release|Win32.Build.0 = Release|Win32
		{1D18E045-6B72-43F4-ACBD-3E679A3DE349}.ASM Release|x64.ActiveCfg = Release|x64
		{1D18E045-6B72-43F4-ACBD-3E679A3DE349}.ASM Release|x64.Build.0 = Release|x64
		{1D18E045-6B72-43F4-ACBD-3E679A3DE349}.Debug|Win32.ActiveCfg = Debug|Win32
		{1D18E045-6B72-43F4-ACBD-3E679A3DE349}.Debug|Win32.Build.0 = Debug|Win32
		{1D18E045-6B72-43F4-ACBD-3E679A3DE349}.Debug|x64.ActiveCfg = Debug|x64
		{1D18E045-6B72-43F4-ACBD-3E679A3DE349}.Debug|x64.Build.0 = Debug|x64
		{1D18E045-6B72-43F4-ACBD-3E679A3DE349}.DEMO|Win32.ActiveCfg = Debug|x64
		{1D18E045-6B72-43F4-ACBD-3E679A3DE349}.DEMO|x64.ActiveCfg = Debug|x64
		{1D18E045-6B72-43F4-ACBD-3E679A3DE349}.DEMO|x64.Build.0 = Debug|x64
		{1D18E045-6B72-43F4-ACBD-3E679A3DE349}.FULL|Win32.ActiveCfg = IPP|x64
		{1D18E045-6B72-43F4-ACBD-3E679A3DE349}.FULL|x64.ActiveCfg = IPP|x64
		{1D18E045-6B72-43F4-ACBD-3E679A3DE349}.FULL|x64.Build.0 = IPP|x64
		{1D18E045-6B72-43F4-ACBD-3E679A3DE349}.FULLB|Win32.ActiveCfg = IPP|x64
		{1D18E045-6B72-43F4-ACBD-3E679A3DE349}.FULLB|x64.ActiveCfg = IPP|x64
		{1D18E045-6B72-43F4-ACBD-3E679A3DE349}.FULLB|x64.Build.0 = IPP|x64
		{1D18E045-6B72-43F4-ACBD-3E679A3DE349}.FULLC|Win32.ActiveCfg = IPP|x64
		{1D18E045-6B72-43F4-ACBD-3E679A3DE349}.FULLC|x64.ActiveCfg = IPP|x64
		{1D18E045-6B72-43F4-ACBD-3E679A3DE349}.FULLC|x64.Build.0 = IPP|x64
		{1D18E045-6B72-43F4-ACBD-3E679A3DE349}.Http|Win32.ActiveCfg = Release|Win32
		{1D18E045-6B72-43F4-ACBD-3E679A3DE349}.Http|Win32.Build.0 = Release|Win32
		{1D18E045-6B72-43F4-ACBD-3E679A3DE349}.Http|x64.ActiveCfg = Release|x64
		{1D18E045-6B72-43F4-ACBD-3E679A3DE349}.Http|x64.Build.0 = Release|x64
		{1D18E045-6B72-43F4-ACBD-3E679A3DE349}.IPP|Win32.ActiveCfg = IPP|Win32
		{1D18E045-6B72-43F4-ACBD-3E679A3DE349}.IPP|Win32.Build.0 = IPP|Win32
		{1D18E045-6B72-43F4-ACBD-3E679A3DE349}.IPP|x64.ActiveCfg = IPP|x64
		{1D18E045-6B72-43F4-ACBD-3E679A3DE349}.IPP|x64.Build.0 = IPP|x64
		{1D18E045-6B72-43F4-ACBD-3E679A3DE349}.Release|Win32.ActiveCfg = Release|Win32
		{1D18E045-6B72-43F4-ACBD-3E679A3DE349}.Release|Win32.Build.0 = Release|Win32
		{1D18E045-6B72-43F4-ACBD-3E679A3DE349}.Release|x64.ActiveCfg = Release|x64
		{1D18E045-6B72-43F4-ACBD-3E679A3DE349}.Release|x64.Build.0 = Release|x64
		{C05AE605-1250-4F58-911B-EC99AE2C25AF}.ASM Debug|Win32.ActiveCfg = Debug|Win32
		{C05AE605-1250-4F58-911B-EC99AE2C25AF}.ASM Debug|Win32.Build.0 = Debug|Win32
		{C05AE605-1250-4F58-911B-EC99AE2C25AF}.ASM Debug|x64.ActiveCfg = Debug|x64
		{C05AE605-1250-4F58-911B-EC99AE2C25AF}.ASM Debug|x64.Build.0 = Debug|x64
		{C05AE605-1250-4F58-911B-EC99AE2C25AF}.ASM Release|Win32.ActiveCfg = Release|Win32
		{C05AE605-1250-4F58-911B-EC99AE2C25AF}.ASM Release|Win32.Build.0 = Release|Win32
		{C05AE605-1250-4F58-911B-EC99AE2C25AF}.ASM Release|x64.ActiveCfg = Release|x64
		{C05AE605-1250-4F58-911B-EC99AE2C25AF}.ASM Release|x64.Build.0 = Release|x64
		{C05AE605-1250-4F58-911B-EC99AE2C25AF}.Debug|Win32.ActiveCfg = Debug|Win32
		{C05AE605-1250-4F58-911B-EC99AE2C25AF}.Debug|Win32.Build.0 = Debug|Win32
		{C05AE605-1250-4F58-911B-EC99AE2C25AF}.Debug|x64.ActiveCfg = Debug|x64
		{C05AE605-1250-4F58-911B-EC99AE2C25AF}.Debug|x64.Build.0 = Debug|x64
		{C05AE605-1250-4F58-911B-EC99AE2C25AF}.DEMO|Win32.ActiveCfg = Debug|x64
		{C05AE605-1250-4F58-911B-EC99AE2C25AF}.DEMO|x64.ActiveCfg = Debug|x64
		{C05AE605-1250-4F58-911B-EC99AE2C25AF}.DEMO|x64.Build.0 = Debug|x64
		{C05AE605-1250-4F58-911B-EC99AE2C25AF}.FULL|Win32.ActiveCfg = IPP|x64
		{C05AE605-1250-4F58-911B-EC99AE2C25AF}.FULL|x64.ActiveCfg = IPP|x64
		{C05AE605-1250-4F58-911B-EC99AE2C25AF}.FULL|x64.Build.0 = IPP|x64
		{C05AE605-1250-4F58-911B-EC99AE2C25AF}.FULLB|Win32.ActiveCfg = IPP|x64
		{C05AE605-1250-4F58-911B-EC99AE2C25AF}.FULLB|x64.ActiveCfg = IPP|x64
		{C05AE605-1250-4F58-911B-EC99AE2C25AF}.FULLB|x64.Build.0 = IPP|x64
		{C05AE605-1250-4F58-911B-EC99AE2C25AF}.FULLC|Win32.ActiveCfg = IPP|x64
		{C05AE605-1250-4F58-911B-EC99AE2C25AF}.FULLC|x64.ActiveCfg = IPP|x64
		{C05AE605-1250-4F58-911B-EC99AE2C25AF}.FULLC|x64.Build.0 = IPP|x64
		{C05AE605-1250-4F58-911B-EC99AE2C25AF}.Http|Win32.ActiveCfg = Release|Win32
		{C05AE605-1250-4F58-911B-EC99AE2C25AF}.Http|Win32.Build.0 = Release|Win32
		{C05AE605-1250-4F58-911B-EC99AE2C25AF}.Http|x64.ActiveCfg = Release|x64
		{C05AE605-1250-4F58-911B-EC99AE2C25AF}.Http|x64.Build.0 = Release|x64
		{C05AE605-1250-4F58-911B-EC99AE2C25AF}.IPP|Win32.ActiveCfg = IPP|Win32
		{C05AE605-1250-4F58-911B-EC99AE2C25AF}.IPP|Win32.Build.0 = IPP|Win32
		{C05AE605-1250-4F58-911B-EC99AE2C25AF}.IPP|x64.ActiveCfg = IPP|x64
		{C05AE605-1250-4F58-911B-EC99AE2C25AF}.IPP|x64.Build.0 = IPP|x64
		{C05AE605-1250-4F58-911B-EC99AE2C25AF}.Release|Win32.ActiveCfg = Release|Win32
		{C05AE605-1250-4F58-911B-EC99AE2C25AF}.Release|Win32.Build.0 = Release|Win32
		{C05AE605-1250-4F58-911B-EC99AE2C25AF}.Release|x64.ActiveCfg = Release|x64
		{C05AE605-1250-4F58-911B-EC99AE2C25AF}.Release|x64.Build.0 = Release|x64
		{8D7757CB-5125-4633-AFB1-4B30ED24955F}.ASM Debug|Win32.ActiveCfg = Debug|Win32
		{8D7757CB-5125-4633-AFB1-4B30ED24955F}.ASM Debug|Win32.Build.0 = Debug|Win32
		{8D7757CB-5125-4633-AFB1-4B30ED24955F}.ASM Debug|x64.ActiveCfg = Debug|x64
		{8D7757CB-5125-4633-AFB1-4B30ED24955F}.ASM Debug|x64.Build.0 = Debug|x64
		{8D7757CB-5125-4633-AFB1-4B30ED24955F}.ASM Release|Win32.ActiveCfg = Release|Win32
		{8D7757CB-5125-4633-AFB1-4B30ED24955F}.ASM Release|Win32.Build.0 = Release|Win32
		{8D7757CB-5125-4633-AFB1-4B30ED24955F}.ASM Release|x64.ActiveCfg = Release|x64
		{8D7757CB-5125-4633-AFB1-4B30ED24955F}.ASM Release|x64.Build.0 = Release|x64
		{8D7757CB-5125-4633-AFB1-4B30ED24955F}.Debug|Win32.ActiveCfg = Debug|Win32
		{8D7757CB-5125-4633-AFB1-4B30ED24955F}.Debug|Win32.Build.0 = Debug|Win32
		{8D7757CB-5125-4633-AFB1-4B30ED24955F}.Debug|x64.ActiveCfg = Debug|x64
		{8D7757CB-5125-4633-AFB1-4B30ED24955F}.Debug|x64.Build.0 = Debug|x64
		{8D7757CB-5125-4633-AFB1-4B30ED24955F}.DEMO|Win32.ActiveCfg = Debug|x64
		{8D7757CB-5125-4633-AFB1-4B30ED24955F}.DEMO|x64.ActiveCfg = Debug|x64
		{8D7757CB-5125-4633-AFB1-4B30ED24955F}.DEMO|x64.Build.0 = Debug|x64
		{8D7757CB-5125-4633-AFB1-4B30ED24955F}.FULL|Win32.ActiveCfg = IPP|x64
		{8D7757CB-5125-4633-AFB1-4B30ED24955F}.FULL|x64.ActiveCfg = IPP|x64
		{8D7757CB-5125-4633-AFB1-4B30ED24955F}.FULL|x64.Build.0 = IPP|x64
		{8D7757CB-5125-4633-AFB1-4B30ED24955F}.FULLB|Win32.ActiveCfg = IPP|x64
		{8D7757CB-5125-4633-AFB1-4B30ED24955F}.FULLB|x64.ActiveCfg = IPP|x64
		{8D7757CB-5125-4633-AFB1-4B30ED24955F}.FULLB|x64.Build.0 = IPP|x64
		{8D7757CB-5125-4633-AFB1-4B30ED24955F}.FULLC|Win32.ActiveCfg = IPP|x64
		{8D7757CB-5125-4633-AFB1-4B30ED24955F}.FULLC|x64.ActiveCfg = IPP|x64
		{8D7757CB-5125-4633-AFB1-4B30ED24955F}.FULLC|x64.Build.0 = IPP|x64
		{8D7757CB-5125-4633-AFB1-4B30ED24955F}.Http|Win32.ActiveCfg = Release|Win32
		{8D7757CB-5125-4633-AFB1-4B30ED24955F}.Http|Win32.Build.0 = Release|Win32
		{8D7757CB-5125-4633-AFB1-4B30ED24955F}.Http|x64.ActiveCfg = Release|x64
		{8D7757CB-5125-4633-AFB1-4B30ED24955F}.Http|x64.Build.0 = Release|x64
		{8D7757CB-5125-4633-AFB1-4B30ED24955F}.IPP|Win32.ActiveCfg = IPP|Win32
		{8D7757CB-5125-4633-AFB1-4B30ED24955F}.IPP|Win32.Build.0 = IPP|Win32
		{8D7757CB-5125-4633-AFB1-4B30ED24955F}.IPP|x64.ActiveCfg = IPP|x64
		{8D7757CB-5125-4633-AFB1-4B30ED24955F}.IPP|x64.Build.0 = IPP|x64
		{8D7757CB-5125-4633-AFB1-4B30ED24955F}.Release|Win32.ActiveCfg = Release|Win32
		{8D7757CB-5125-4633-AFB1-4B30ED24955F}.Release|Win32.Build.0 = Release|Win32
		{8D7757CB-5125-4633-AFB1-4B30ED24955F}.Release|x64.ActiveCfg = Release|x64
		{8D7757CB-5125-4633-AFB1-4B30ED24955F}.Release|x64.Build.0 = Release|x64
		{85445BB7-B95B-4DE1-BA52-7311AA700A27}.ASM Debug|Win32.ActiveCfg = Debug|Win32
		{85445BB7-B95B-4DE1-BA52-7311AA700A27}.ASM Debug|Win32.Build.0 = Debug|Win32
		{85445BB7-B95B-4DE1-BA52-7311AA700A27}.ASM Debug|x64.ActiveCfg = Debug|x64
		{85445BB7-B95B-4DE1-BA52-7311AA700A27}.ASM Debug|x64.Build.0 = Debug|x64
		{85445BB7-B95B-4DE1-BA52-7311AA700A27}.ASM Release|Win32.ActiveCfg = Release|Win32
		{85445BB7-B95B-4DE1-BA52-7311AA700A27}.ASM Release|Win32.Build.0 = Release|Win32
		{85445BB7-B95B-4DE1-BA52-7311AA700A27}.ASM Release|x64.ActiveCfg = Release|x64
		{85445BB7-B95B-4DE1-BA52-7311AA700A27}.ASM Release|x64.Build.0 = Release|x64
		{85445BB7-B95B-4DE1-BA52-7311AA700A27}.Debug|Win32.ActiveCfg = Debug|Win32
		{85445BB7-B95B-4DE1-BA52-7311AA700A27}.Debug|Win32.Build.0 = Debug|Win32
		{85445BB7-B95B-4DE1-BA52-7311AA700A27}.Debug|x64.ActiveCfg = Debug|x64
		{85445BB7-B95B-4DE1-BA52-7311AA700A27}.Debug|x64.Build.0 = Debug|x64
		{85445BB7-B95B-4DE1-BA52-7311AA700A27}.DEMO|Win32.ActiveCfg = Debug|x64
		{85445BB7-B95B-4DE1-BA52-7311AA700A27}.DEMO|x64.ActiveCfg = Debug|x64
		{85445BB7-B95B-4DE1-BA52-7311AA700A27}.FULL|Win32.ActiveCfg = Release|x64
		{85445BB7-B95B-4DE1-BA52-7311AA700A27}.FULL|x64.ActiveCfg = Release|x64
		{85445BB7-B95B-4DE1-BA52-7311AA700A27}.FULLB|Win32.ActiveCfg = Release|x64
		{85445BB7-B95B-4DE1-BA52-7311AA700A27}.FULLB|x64.ActiveCfg = Release|x64
		{85445BB7-B95B-4DE1-BA52-7311AA700A27}.FULLC|Win32.ActiveCfg = Release|x64
		{85445BB7-B95B-4DE1-BA52-7311AA700A27}.FULLC|x64.ActiveCfg = Release|x64
		{85445BB7-B95B-4DE1-BA52-7311AA700A27}.Http|Win32.ActiveCfg = Release|x64
		{85445BB7-B95B-4DE1-BA52-7311AA700A27}.Http|x64.ActiveCfg = Release|x64
		{85445BB7-B95B-4DE1-BA52-7311AA700A27}.Http|x64.Build.0 = Release|x64
		{85445BB7-B95B-4DE1-BA52-7311AA700A27}.IPP|Win32.ActiveCfg = Release|x64
		{85445BB7-B95B-4DE1-BA52-7311AA700A27}.IPP|x64.ActiveCfg = Release|x64
		{85445BB7-B95B-4DE1-BA52-7311AA700A27}.IPP|x64.Build.0 = Release|x64
		{85445BB7-B95B-4DE1-BA52-7311AA700A27}.Release|Win32.ActiveCfg = Release|Win32
		{85445BB7-B95B-4DE1-BA52-7311AA700A27}.Release|Win32.Build.0 = Release|Win32
		{85445BB7-B95B-4DE1-BA52-7311AA700A27}.Release|x64.ActiveCfg = Release|x64
		{85445BB7-B95B-4DE1-BA52-7311AA700A27}.Release|x64.Build.0 = Release|x64
		{CD0D6EC9-D652-4D1B-B23B-18E1AC3AA683}.ASM Debug|Win32.ActiveCfg = Debug|Win32
		{CD0D6EC9-D652-4D1B-B23B-18E1AC3AA683}.ASM Debug|Win32.Build.0 = Debug|Win32
		{CD0D6EC9-D652-4D1B-B23B-18E1AC3AA683}.ASM Debug|x64.ActiveCfg = Debug|Win32
		{CD0D6EC9-D652-4D1B-B23B-18E1AC3AA683}.ASM Release|Win32.ActiveCfg = Release|Win32
		{CD0D6EC9-D652-4D1B-B23B-18E1AC3AA683}.ASM Release|Win32.Build.0 = Release|Win32
		{CD0D6EC9-D652-4D1B-B23B-18E1AC3AA683}.ASM Release|x64.ActiveCfg = Release|Win32
		{CD0D6EC9-D652-4D1B-B23B-18E1AC3AA683}.Debug|Win32.ActiveCfg = Debug|Win32
		{CD0D6EC9-D652-4D1B-B23B-18E1AC3AA683}.Debug|Win32.Build.0 = Debug|Win32
		{CD0D6EC9-D652-4D1B-B23B-18E1AC3AA683}.Debug|x64.ActiveCfg = Debug|Win32
		{CD0D6EC9-D652-4D1B-B23B-18E1AC3AA683}.DEMO|Win32.ActiveCfg = Debug|x64
		{CD0D6EC9-D652-4D1B-B23B-18E1AC3AA683}.DEMO|x64.ActiveCfg = Debug|x64
		{CD0D6EC9-D652-4D1B-B23B-18E1AC3AA683}.DEMO|x64.Build.0 = Debug|x64
		{CD0D6EC9-D652-4D1B-B23B-18E1AC3AA683}.FULL|Win32.ActiveCfg = Release|x64
		{CD0D6EC9-D652-4D1B-B23B-18E1AC3AA683}.FULL|x64.ActiveCfg = Release|x64
		{CD0D6EC9-D652-4D1B-B23B-18E1AC3AA683}.FULL|x64.Build.0 = Release|x64
		{CD0D6EC9-D652-4D1B-B23B-18E1AC3AA683}.FULLB|Win32.ActiveCfg = Release|x64
		{CD0D6EC9-D652-4D1B-B23B-18E1AC3AA683}.FULLB|x64.ActiveCfg = Release|x64
		{CD0D6EC9-D652-4D1B-B23B-18E1AC3AA683}.FULLB|x64.Build.0 = Release|x64
		{CD0D6EC9-D652-4D1B-B23B-18E1AC3AA683}.FULLC|Win32.ActiveCfg = Release|x64
		{CD0D6EC9-D652-4D1B-B23B-18E1AC3AA683}.FULLC|x64.ActiveCfg = Release|x64
		{CD0D6EC9-D652-4D1B-B23B-18E1AC3AA683}.FULLC|x64.Build.0 = Release|x64
		{CD0D6EC9-D652-4D1B-B23B-18E1AC3AA683}.Http|Win32.ActiveCfg = Release|Win32
		{CD0D6EC9-D652-4D1B-B23B-18E1AC3AA683}.Http|Win32.Build.0 = Release|Win32
		{CD0D6EC9-D652-4D1B-B23B-18E1AC3AA683}.Http|x64.ActiveCfg = Release|Win32
		{CD0D6EC9-D652-4D1B-B23B-18E1AC3AA683}.IPP|Win32.ActiveCfg = Release|Win32
		{CD0D6EC9-D652-4D1B-B23B-18E1AC3AA683}.IPP|Win32.Build.0 = Release|Win32
		{CD0D6EC9-D652-4D1B-B23B-18E1AC3AA683}.IPP|x64.ActiveCfg = Release|Win32
		{CD0D6EC9-D652-4D1B-B23B-18E1AC3AA683}.Release|Win32.ActiveCfg = Release|Win32
		{CD0D6EC9-D652-4D1B-B23B-18E1AC3AA683}.Release|Win32.Build.0 = Release|Win32
		{CD0D6EC9-D652-4D1B-B23B-18E1AC3AA683}.Release|x64.ActiveCfg = Release|x64
		{CD0D6EC9-D652-4D1B-B23B-18E1AC3AA683}.Release|x64.Build.0 = Release|x64
		{F9321962-FBED-4581-BF7D-D0EBC303D891}.ASM Debug|Win32.ActiveCfg = ASM Debug|Win32
		{F9321962-FBED-4581-BF7D-D0EBC303D891}.ASM Debug|Win32.Build.0 = ASM Debug|Win32
		{F9321962-FBED-4581-BF7D-D0EBC303D891}.ASM Debug|x64.ActiveCfg = ASM Debug|Win32
		{F9321962-FBED-4581-BF7D-D0EBC303D891}.ASM Release|Win32.ActiveCfg = ASM Release|Win32
		{F9321962-FBED-4581-BF7D-D0EBC303D891}.ASM Release|Win32.Build.0 = ASM Release|Win32
		{F9321962-FBED-4581-BF7D-D0EBC303D891}.ASM Release|x64.ActiveCfg = ASM Release|Win32
		{F9321962-FBED-4581-BF7D-D0EBC303D891}.Debug|Win32.ActiveCfg = Debug|Win32
		{F9321962-FBED-4581-BF7D-D0EBC303D891}.Debug|Win32.Build.0 = Debug|Win32
		{F9321962-FBED-4581-BF7D-D0EBC303D891}.Debug|x64.ActiveCfg = Debug|x64
		{F9321962-FBED-4581-BF7D-D0EBC303D891}.Debug|x64.Build.0 = Debug|x64
		{F9321962-FBED-4581-BF7D-D0EBC303D891}.DEMO|Win32.ActiveCfg = Debug|x64
		{F9321962-FBED-4581-BF7D-D0EBC303D891}.DEMO|x64.ActiveCfg = Debug|x64
		{F9321962-FBED-4581-BF7D-D0EBC303D891}.DEMO|x64.Build.0 = Debug|x64
		{F9321962-FBED-4581-BF7D-D0EBC303D891}.FULL|Win32.ActiveCfg = Release|x64
		{F9321962-FBED-4581-BF7D-D0EBC303D891}.FULL|x64.ActiveCfg = Release|x64
		{F9321962-FBED-4581-BF7D-D0EBC303D891}.FULL|x64.Build.0 = Release|x64
		{F9321962-FBED-4581-BF7D-D0EBC303D891}.FULLB|Win32.ActiveCfg = Release|x64
		{F9321962-FBED-4581-BF7D-D0EBC303D891}.FULLB|x64.ActiveCfg = Release|x64
		{F9321962-FBED-4581-BF7D-D0EBC303D891}.FULLB|x64.Build.0 = Release|x64
		{F9321962-FBED-4581-BF7D-D0EBC303D891}.FULLC|Win32.ActiveCfg = Release|x64
		{F9321962-FBED-4581-BF7D-D0EBC303D891}.FULLC|x64.ActiveCfg = Release|x64
		{F9321962-FBED-4581-BF7D-D0EBC303D891}.FULLC|x64.Build.0 = Release|x64
		{F9321962-FBED-4581-BF7D-D0EBC303D891}.Http|Win32.ActiveCfg = Release|Win32
		{F9321962-FBED-4581-BF7D-D0EBC303D891}.Http|Win32.Build.0 = Release|Win32
		{F9321962-FBED-4581-BF7D-D0EBC303D891}.Http|x64.ActiveCfg = Release|Win32
		{F9321962-FBED-4581-BF7D-D0EBC303D891}.IPP|Win32.ActiveCfg = Release|Win32
		{F9321962-FBED-4581-BF7D-D0EBC303D891}.IPP|Win32.Build.0 = Release|Win32
		{F9321962-FBED-4581-BF7D-D0EBC303D891}.IPP|x64.ActiveCfg = Release|Win32
		{F9321962-FBED-4581-BF7D-D0EBC303D891}.Release|Win32.ActiveCfg = Release|Win32
		{F9321962-FBED-4581-BF7D-D0EBC303D891}.Release|Win32.Build.0 = Release|Win32
		{F9321962-FBED-4581-BF7D-D0EBC303D891}.Release|x64.ActiveCfg = Release|x64
		{F9321962-FBED-4581-BF7D-D0EBC303D891}.Release|x64.Build.0 = Release|x64
		{E8BA959F-B652-4BAB-9EA7-8E9FC8D7F39C}.ASM Debug|Win32.ActiveCfg = Debug|Win32
		{E8BA959F-B652-4BAB-9EA7-8E9FC8D7F39C}.ASM Debug|Win32.Build.0 = Debug|Win32
		{E8BA959F-B652-4BAB-9EA7-8E9FC8D7F39C}.ASM Debug|x64.ActiveCfg = Debug|Win32
		{E8BA959F-B652-4BAB-9EA7-8E9FC8D7F39C}.ASM Release|Win32.ActiveCfg = Release|Win32
		{E8BA959F-B652-4BAB-9EA7-8E9FC8D7F39C}.ASM Release|Win32.Build.0 = Release|Win32
		{E8BA959F-B652-4BAB-9EA7-8E9FC8D7F39C}.ASM Release|x64.ActiveCfg = Release|Win32
		{E8BA959F-B652-4BAB-9EA7-8E9FC8D7F39C}.Debug|Win32.ActiveCfg = Debug|Win32
		{E8BA959F-B652-4BAB-9EA7-8E9FC8D7F39C}.Debug|Win32.Build.0 = Debug|Win32
		{E8BA959F-B652-4BAB-9EA7-8E9FC8D7F39C}.Debug|x64.ActiveCfg = Debug|x64
		{E8BA959F-B652-4BAB-9EA7-8E9FC8D7F39C}.Debug|x64.Build.0 = Debug|x64
		{E8BA959F-B652-4BAB-9EA7-8E9FC8D7F39C}.DEMO|Win32.ActiveCfg = Debug|x64
		{E8BA959F-B652-4BAB-9EA7-8E9FC8D7F39C}.DEMO|x64.ActiveCfg = Debug|x64
		{E8BA959F-B652-4BAB-9EA7-8E9FC8D7F39C}.DEMO|x64.Build.0 = Debug|x64
		{E8BA959F-B652-4BAB-9EA7-8E9FC8D7F39C}.FULL|Win32.ActiveCfg = Release|x64
		{E8BA959F-B652-4BAB-9EA7-8E9FC8D7F39C}.FULL|x64.ActiveCfg = Release|x64
		{E8BA959F-B652-4BAB-9EA7-8E9FC8D7F39C}.FULL|x64.Build.0 = Release|x64
		{E8BA959F-B652-4BAB-9EA7-8E9FC8D7F39C}.FULLB|Win32.ActiveCfg = Release|x64
		{E8BA959F-B652-4BAB-9EA7-8E9FC8D7F39C}.FULLB|x64.ActiveCfg = Release|x64
		{E8BA959F-B652-4BAB-9EA7-8E9FC8D7F39C}.FULLB|x64.Build.0 = Release|x64
		{E8BA959F-B652-4BAB-9EA7-8E9FC8D7F39C}.FULLC|Win32.ActiveCfg = Release|x64
		{E8BA959F-B652-4BAB-9EA7-8E9FC8D7F39C}.FULLC|x64.ActiveCfg = Release|x64
		{E8BA959F-B652-4BAB-9EA7-8E9FC8D7F39C}.FULLC|x64.Build.0 = Release|x64
		{E8BA959F-B652-4BAB-9EA7-8E9FC8D7F39C}.Http|Win32.ActiveCfg = Release|Win32
		{E8BA959F-B652-4BAB-9EA7-8E9FC8D7F39C}.Http|Win32.Build.0 = Release|Win32
		{E8BA959F-B652-4BAB-9EA7-8E9FC8D7F39C}.Http|x64.ActiveCfg = Release|Win32
		{E8BA959F-B652-4BAB-9EA7-8E9FC8D7F39C}.IPP|Win32.ActiveCfg = Release|Win32
		{E8BA959F-B652-4BAB-9EA7-8E9FC8D7F39C}.IPP|Win32.Build.0 = Release|Win32
		{E8BA959F-B652-4BAB-9EA7-8E9FC8D7F39C}.IPP|x64.ActiveCfg = Release|Win32
		{E8BA959F-B652-4BAB-9EA7-8E9FC8D7F39C}.Release|Win32.ActiveCfg = Release|Win32
		{E8BA959F-B652-4BAB-9EA7-8E9FC8D7F39C}.Release|Win32.Build.0 = Release|Win32
		{E8BA959F-B652-4BAB-9EA7-8E9FC8D7F39C}.Release|x64.ActiveCfg = Release|x64
		{E8BA959F-B652-4BAB-9EA7-8E9FC8D7F39C}.Release|x64.Build.0 = Release|x64
		{74900370-5ED2-4A5E-99A8-37EFE1D27552}.ASM Debug|Win32.ActiveCfg = Debug|Win32
		{74900370-5ED2-4A5E-99A8-37EFE1D27552}.ASM Debug|Win32.Build.0 = Debug|Win32
		{74900370-5ED2-4A5E-99A8-37EFE1D27552}.ASM Debug|x64.ActiveCfg = Debug|x64
		{74900370-5ED2-4A5E-99A8-37EFE1D27552}.ASM Debug|x64.Build.0 = Debug|x64
		{74900370-5ED2-4A5E-99A8-37EFE1D27552}.ASM Release|Win32.ActiveCfg = Release|Win32
		{74900370-5ED2-4A5E-99A8-37EFE1D27552}.ASM Release|Win32.Build.0 = Release|Win32
		{74900370-5ED2-4A5E-99A8-37EFE1D27552}.ASM Release|x64.ActiveCfg = Release|x64
		{74900370-5ED2-4A5E-99A8-37EFE1D27552}.ASM Release|x64.Build.0 = Release|x64
		{74900370-5ED2-4A5E-99A8-37EFE1D27552}.Debug|Win32.ActiveCfg = Debug|Win32
		{74900370-5ED2-4A5E-99A8-37EFE1D27552}.Debug|Win32.Build.0 = Debug|Win32
		{74900370-5ED2-4A5E-99A8-37EFE1D27552}.Debug|x64.ActiveCfg = Debug|x64
		{74900370-5ED2-4A5E-99A8-37EFE1D27552}.Debug|x64.Build.0 = Debug|x64
		{74900370-5ED2-4A5E-99A8-37EFE1D27552}.DEMO|Win32.ActiveCfg = Debug|x64
		{74900370-5ED2-4A5E-99A8-37EFE1D27552}.DEMO|x64.ActiveCfg = Debug|x64
		{74900370-5ED2-4A5E-99A8-37EFE1D27552}.DEMO|x64.Build.0 = Debug|x64
		{74900370-5ED2-4A5E-99A8-37EFE1D27552}.FULL|Win32.ActiveCfg = IPP|x64
		{74900370-5ED2-4A5E-99A8-37EFE1D27552}.FULL|x64.ActiveCfg = IPP|x64
		{74900370-5ED2-4A5E-99A8-37EFE1D27552}.FULL|x64.Build.0 = IPP|x64
		{74900370-5ED2-4A5E-99A8-37EFE1D27552}.FULLB|Win32.ActiveCfg = IPP|x64
		{74900370-5ED2-4A5E-99A8-37EFE1D27552}.FULLB|x64.ActiveCfg = IPP|x64
		{74900370-5ED2-4A5E-99A8-37EFE1D27552}.FULLB|x64.Build.0 = IPP|x64
		{74900370-5ED2-4A5E-99A8-37EFE1D27552}.FULLC|Win32.ActiveCfg = IPP|x64
		{74900370-5ED2-4A5E-99A8-37EFE1D27552}.FULLC|x64.ActiveCfg = IPP|x64
		{74900370-5ED2-4A5E-99A8-37EFE1D27552}.FULLC|x64.Build.0 = IPP|x64
		{74900370-5ED2-4A5E-99A8-37EFE1D27552}.Http|Win32.ActiveCfg = IPP|x64
		{74900370-5ED2-4A5E-99A8-37EFE1D27552}.Http|x64.ActiveCfg = IPP|x64
		{74900370-5ED2-4A5E-99A8-37EFE1D27552}.Http|x64.Build.0 = IPP|x64
		{74900370-5ED2-4A5E-99A8-37EFE1D27552}.IPP|Win32.ActiveCfg = IPP|Win32
		{74900370-5ED2-4A5E-99A8-37EFE1D27552}.IPP|Win32.Build.0 = IPP|Win32
		{74900370-5ED2-4A5E-99A8-37EFE1D27552}.IPP|x64.ActiveCfg = IPP|x64
		{74900370-5ED2-4A5E-99A8-37EFE1D27552}.IPP|x64.Build.0 = IPP|x64
		{74900370-5ED2-4A5E-99A8-37EFE1D27552}.Release|Win32.ActiveCfg = Release|Win32
		{74900370-5ED2-4A5E-99A8-37EFE1D27552}.Release|Win32.Build.0 = Release|Win32
		{74900370-5ED2-4A5E-99A8-37EFE1D27552}.Release|x64.ActiveCfg = Release|x64
		{74900370-5ED2-4A5E-99A8-37EFE1D27552}.Release|x64.Build.0 = Release|x64
		{A708AF0E-C67F-4A3B-8642-9BD09A60F2ED}.ASM Debug|Win32.ActiveCfg = Debug|Win32
		{A708AF0E-C67F-4A3B-8642-9BD09A60F2ED}.ASM Debug|Win32.Build.0 = Debug|Win32
		{A708AF0E-C67F-4A3B-8642-9BD09A60F2ED}.ASM Debug|x64.ActiveCfg = Debug|x64
		{A708AF0E-C67F-4A3B-8642-9BD09A60F2ED}.ASM Debug|x64.Build.0 = Debug|x64
		{A708AF0E-C67F-4A3B-8642-9BD09A60F2ED}.ASM Release|Win32.ActiveCfg = Release|Win32
		{A708AF0E-C67F-4A3B-8642-9BD09A60F2ED}.ASM Release|Win32.Build.0 = Release|Win32
		{A708AF0E-C67F-4A3B-8642-9BD09A60F2ED}.ASM Release|x64.ActiveCfg = Release|x64
		{A708AF0E-C67F-4A3B-8642-9BD09A60F2ED}.ASM Release|x64.Build.0 = Release|x64
		{A708AF0E-C67F-4A3B-8642-9BD09A60F2ED}.Debug|Win32.ActiveCfg = Debug|Win32
		{A708AF0E-C67F-4A3B-8642-9BD09A60F2ED}.Debug|Win32.Build.0 = Debug|Win32
		{A708AF0E-C67F-4A3B-8642-9BD09A60F2ED}.Debug|x64.ActiveCfg = Debug|x64
		{A708AF0E-C67F-4A3B-8642-9BD09A60F2ED}.Debug|x64.Build.0 = Debug|x64
		{A708AF0E-C67F-4A3B-8642-9BD09A60F2ED}.DEMO|Win32.ActiveCfg = DEMO|Win32
		{A708AF0E-C67F-4A3B-8642-9BD09A60F2ED}.DEMO|Win32.Build.0 = DEMO|Win32
		{A708AF0E-C67F-4A3B-8642-9BD09A60F2ED}.DEMO|x64.ActiveCfg = DEMO|x64
		{A708AF0E-C67F-4A3B-8642-9BD09A60F2ED}.DEMO|x64.Build.0 = DEMO|x64
		{A708AF0E-C67F-4A3B-8642-9BD09A60F2ED}.FULL|Win32.ActiveCfg = FULL|Win32
		{A708AF0E-C67F-4A3B-8642-9BD09A60F2ED}.FULL|Win32.Build.0 = FULL|Win32
		{A708AF0E-C67F-4A3B-8642-9BD09A60F2ED}.FULL|x64.ActiveCfg = FULL|x64
		{A708AF0E-C67F-4A3B-8642-9BD09A60F2ED}.FULL|x64.Build.0 = FULL|x64
		{A708AF0E-C67F-4A3B-8642-9BD09A60F2ED}.FULLB|Win32.ActiveCfg = FULLB|Win32
		{A708AF0E-C67F-4A3B-8642-9BD09A60F2ED}.FULLB|Win32.Build.0 = FULLB|Win32
		{A708AF0E-C67F-4A3B-8642-9BD09A60F2ED}.FULLB|x64.ActiveCfg = FULLB|x64
		{A708AF0E-C67F-4A3B-8642-9BD09A60F2ED}.FULLB|x64.Build.0 = FULLB|x64
		{A708AF0E-C67F-4A3B-8642-9BD09A60F2ED}.FULLC|Win32.ActiveCfg = FULLC|Win32
		{A708AF0E-C67F-4A3B-8642-9BD09A60F2ED}.FULLC|Win32.Build.0 = FULLC|Win32
		{A708AF0E-C67F-4A3B-8642-9BD09A60F2ED}.FULLC|x64.ActiveCfg = FULLC|x64
		{A708AF0E-C67F-4A3B-8642-9BD09A60F2ED}.FULLC|x64.Build.0 = FULLC|x64
		{A708AF0E-C67F-4A3B-8642-9BD09A60F2ED}.Http|Win32.ActiveCfg = Release|x64
		{A708AF0E-C67F-4A3B-8642-9BD09A60F2ED}.Http|x64.ActiveCfg = Release|x64
		{A708AF0E-C67F-4A3B-8642-9BD09A60F2ED}.Http|x64.Build.0 = Release|x64
		{A708AF0E-C67F-4A3B-8642-9BD09A60F2ED}.IPP|Win32.ActiveCfg = Release|Win32
		{A708AF0E-C67F-4A3B-8642-9BD09A60F2ED}.IPP|Win32.Build.0 = Release|Win32
		{A708AF0E-C67F-4A3B-8642-9BD09A60F2ED}.IPP|x64.ActiveCfg = Release|x64
		{A708AF0E-C67F-4A3B-8642-9BD09A60F2ED}.IPP|x64.Build.0 = Release|x64
		{A708AF0E-C67F-4A3B-8642-9BD09A60F2ED}.Release|Win32.ActiveCfg = Release|Win32
		{A708AF0E-C67F-4A3B-8642-9BD09A60F2ED}.Release|Win32.Build.0 = Release|Win32
		{A708AF0E-C67F-4A3B-8642-9BD09A60F2ED}.Release|x64.ActiveCfg = Release|x64
		{A708AF0E-C67F-4A3B-8642-9BD09A60F2ED}.Release|x64.Build.0 = Release|x64
	EndGlobalSection
	GlobalSection(SolutionProperties) = preSolution
		HideSolutionNode = FALSE
	EndGlobalSection
EndGlobal
