
Microsoft Visual Studio Solution File, Format Version 11.00
# Visual Studio 2010
Project("{8BC9CEB8-8B4A-11D0-8D11-00A0C91BC942}") = "libjpeg", "..\libjpeg\libjpeg.vcxproj", "{181769CB-5295-452F-A421-FE1F9ED2022A}"
EndProject
Project("{8BC9CEB8-8B4A-11D0-8D11-00A0C91BC942}") = "omnithread", "omnithread\omnithread.vcxproj", "{E52B9956-FE67-47F7-BC4F-67CC5A64B708}"
EndProject
Project("{8BC9CEB8-8B4A-11D0-8D11-00A0C91BC942}") = "rdr", "..\rdr\rdr.vcxproj", "{F5244002-0FFF-4F19-A941-FCCE1861F132}"
EndProject
Project("{8BC9CEB8-8B4A-11D0-8D11-00A0C91BC942}") = "vnchooks", "vnchooks\vnchooks.vcxproj", "{1D18E045-6B72-43F4-ACBD-3E679A3DE349}"
EndProject
Project("{8BC9CEB8-8B4A-11D0-8D11-00A0C91BC942}") = "winvnc", "winvnc\winvnc.vcxproj", "{C05AE605-1250-4F58-911B-EC99AE2C25AF}"
EndProject
Project("{8BC9CEB8-8B4A-11D0-8D11-00A0C91BC942}") = "zlib", "..\zlib\zlib.vcxproj", "{85445BB7-B95B-4DE1-BA52-7311AA700A27}"
EndProject
Project("{8BC9CEB8-8B4A-11D0-8D11-00A0C91BC942}") = "avilog", "..\avilog\avilog\avilog.vcxproj", "{CD0D6EC9-D652-4D1B-B23B-18E1AC3AA683}"
EndProject
Project("{8BC9CEB8-8B4A-11D0-8D11-00A0C91BC942}") = "unz32lib", "..\zipunzip_src\unzip\windll\vc6\lib\unz32lib.vcxproj", "{F9321962-FBED-4581-BF7D-D0EBC303D891}"
EndProject
Project("{8BC9CEB8-8B4A-11D0-8D11-00A0C91BC942}") = "zip32", "..\zipunzip_src\zip20\windll\visualc\lib\zip32.vcxproj", "{E8BA959F-B652-4BAB-9EA7-8E9FC8D7F39C}"
EndProject
Project("{8BC9CEB8-8B4A-11D0-8D11-00A0C91BC942}") = "libjpeg-turbo-win", "..\libjpeg-turbo-win\libjpeg-turbo-win.vcxproj", "{04F91FA4-2D94-4803-BA3B-B61FBEF0ABE3}"
EndProject
Project("{8BC9CEB8-8B4A-11D0-8D11-00A0C91BC942}") = "ipp_zlib", "..\ipp_zlib\ipp_zlib.vcxproj", "{4EDE86BD-98D5-2925-06D3-95E4DE8927E3}"
EndProject
Global
	GlobalSection(SolutionConfigurationPlatforms) = preSolution
		Debug|Win32 = Debug|Win32
		Debug|x64 = Debug|x64
		Http|Win32 = Http|Win32
		Http|x64 = Http|x64
		IPP|Win32 = IPP|Win32
		IPP|x64 = IPP|x64
		Release|Win32 = Release|Win32
		Release|x64 = Release|x64
	EndGlobalSection
	GlobalSection(ProjectConfigurationPlatforms) = postSolution
		{181769CB-5295-452F-A421-FE1F9ED2022A}.Debug|Win32.ActiveCfg = Debug|Win32
		{181769CB-5295-452F-A421-FE1F9ED2022A}.Debug|Win32.Build.0 = Debug|Win32
		{181769CB-5295-452F-A421-FE1F9ED2022A}.Debug|x64.ActiveCfg = Debug|x64
		{181769CB-5295-452F-A421-FE1F9ED2022A}.Debug|x64.Build.0 = Debug|x64
		{181769CB-5295-452F-A421-FE1F9ED2022A}.Http|Win32.ActiveCfg = Release|Win32
		{181769CB-5295-452F-A421-FE1F9ED2022A}.Http|Win32.Build.0 = Release|Win32
		{181769CB-5295-452F-A421-FE1F9ED2022A}.Http|x64.ActiveCfg = Release|x64
		{181769CB-5295-452F-A421-FE1F9ED2022A}.Http|x64.Build.0 = Release|x64
		{181769CB-5295-452F-A421-FE1F9ED2022A}.IPP|Win32.ActiveCfg = IPP|Win32
		{181769CB-5295-452F-A421-FE1F9ED2022A}.IPP|Win32.Build.0 = IPP|Win32
		{181769CB-5295-452F-A421-FE1F9ED2022A}.IPP|x64.ActiveCfg = IPP|x64
		{181769CB-5295-452F-A421-FE1F9ED2022A}.IPP|x64.Build.0 = IPP|x64
		{181769CB-5295-452F-A421-FE1F9ED2022A}.Release|Win32.ActiveCfg = Release|Win32
		{181769CB-5295-452F-A421-FE1F9ED2022A}.Release|Win32.Build.0 = Release|Win32
		{181769CB-5295-452F-A421-FE1F9ED2022A}.Release|x64.ActiveCfg = Release|x64
		{181769CB-5295-452F-A421-FE1F9ED2022A}.Release|x64.Build.0 = Release|x64
		{E52B9956-FE67-47F7-BC4F-67CC5A64B708}.Debug|Win32.ActiveCfg = Debug|Win32
		{E52B9956-FE67-47F7-BC4F-67CC5A64B708}.Debug|Win32.Build.0 = Debug|Win32
		{E52B9956-FE67-47F7-BC4F-67CC5A64B708}.Debug|x64.ActiveCfg = Debug|x64
		{E52B9956-FE67-47F7-BC4F-67CC5A64B708}.Debug|x64.Build.0 = Debug|x64
		{E52B9956-FE67-47F7-BC4F-67CC5A64B708}.Http|Win32.ActiveCfg = Release|Win32
		{E52B9956-FE67-47F7-BC4F-67CC5A64B708}.Http|Win32.Build.0 = Release|Win32
		{E52B9956-FE67-47F7-BC4F-67CC5A64B708}.Http|x64.ActiveCfg = Release|x64
		{E52B9956-FE67-47F7-BC4F-67CC5A64B708}.Http|x64.Build.0 = Release|x64
		{E52B9956-FE67-47F7-BC4F-67CC5A64B708}.IPP|Win32.ActiveCfg = IPP|Win32
		{E52B9956-FE67-47F7-BC4F-67CC5A64B708}.IPP|Win32.Build.0 = IPP|Win32
		{E52B9956-FE67-47F7-BC4F-67CC5A64B708}.IPP|x64.ActiveCfg = IPP|x64
		{E52B9956-FE67-47F7-BC4F-67CC5A64B708}.IPP|x64.Build.0 = IPP|x64
		{E52B9956-FE67-47F7-BC4F-67CC5A64B708}.Release|Win32.ActiveCfg = Release|Win32
		{E52B9956-FE67-47F7-BC4F-67CC5A64B708}.Release|Win32.Build.0 = Release|Win32
		{E52B9956-FE67-47F7-BC4F-67CC5A64B708}.Release|x64.ActiveCfg = Release|x64
		{E52B9956-FE67-47F7-BC4F-67CC5A64B708}.Release|x64.Build.0 = Release|x64
		{F5244002-0FFF-4F19-A941-FCCE1861F132}.Debug|Win32.ActiveCfg = Debug|Win32
		{F5244002-0FFF-4F19-A941-FCCE1861F132}.Debug|Win32.Build.0 = Debug|Win32
		{F5244002-0FFF-4F19-A941-FCCE1861F132}.Debug|x64.ActiveCfg = Debug|x64
		{F5244002-0FFF-4F19-A941-FCCE1861F132}.Debug|x64.Build.0 = Debug|x64
		{F5244002-0FFF-4F19-A941-FCCE1861F132}.Http|Win32.ActiveCfg = Debug|Win32
		{F5244002-0FFF-4F19-A941-FCCE1861F132}.Http|Win32.Build.0 = Debug|Win32
		{F5244002-0FFF-4F19-A941-FCCE1861F132}.Http|x64.ActiveCfg = Debug|x64
		{F5244002-0FFF-4F19-A941-FCCE1861F132}.Http|x64.Build.0 = Debug|x64
		{F5244002-0FFF-4F19-A941-FCCE1861F132}.IPP|Win32.ActiveCfg = IPP|Win32
		{F5244002-0FFF-4F19-A941-FCCE1861F132}.IPP|Win32.Build.0 = IPP|Win32
		{F5244002-0FFF-4F19-A941-FCCE1861F132}.IPP|x64.ActiveCfg = IPP|x64
		{F5244002-0FFF-4F19-A941-FCCE1861F132}.IPP|x64.Build.0 = IPP|x64
		{F5244002-0FFF-4F19-A941-FCCE1861F132}.Release|Win32.ActiveCfg = Release|Win32
		{F5244002-0FFF-4F19-A941-FCCE1861F132}.Release|Win32.Build.0 = Release|Win32
		{F5244002-0FFF-4F19-A941-FCCE1861F132}.Release|x64.ActiveCfg = Release|x64
		{F5244002-0FFF-4F19-A941-FCCE1861F132}.Release|x64.Build.0 = Release|x64
		{1D18E045-6B72-43F4-ACBD-3E679A3DE349}.Debug|Win32.ActiveCfg = Debug|Win32
		{1D18E045-6B72-43F4-ACBD-3E679A3DE349}.Debug|Win32.Build.0 = Debug|Win32
		{1D18E045-6B72-43F4-ACBD-3E679A3DE349}.Debug|x64.ActiveCfg = Debug|x64
		{1D18E045-6B72-43F4-ACBD-3E679A3DE349}.Debug|x64.Build.0 = Debug|x64
		{1D18E045-6B72-43F4-ACBD-3E679A3DE349}.Http|Win32.ActiveCfg = Release|Win32
		{1D18E045-6B72-43F4-ACBD-3E679A3DE349}.Http|Win32.Build.0 = Release|Win32
		{1D18E045-6B72-43F4-ACBD-3E679A3DE349}.Http|x64.ActiveCfg = Release|x64
		{1D18E045-6B72-43F4-ACBD-3E679A3DE349}.Http|x64.Build.0 = Release|x64
		{1D18E045-6B72-43F4-ACBD-3E679A3DE349}.IPP|Win32.ActiveCfg = IPP|Win32
		{1D18E045-6B72-43F4-ACBD-3E679A3DE349}.IPP|Win32.Build.0 = IPP|Win32
		{1D18E045-6B72-43F4-ACBD-3E679A3DE349}.IPP|x64.ActiveCfg = IPP|x64
		{1D18E045-6B72-43F4-ACBD-3E679A3DE349}.IPP|x64.Build.0 = IPP|x64
		{1D18E045-6B72-43F4-ACBD-3E679A3DE349}.Release|Win32.ActiveCfg = Release|Win32
		{1D18E045-6B72-43F4-ACBD-3E679A3DE349}.Release|Win32.Build.0 = Release|Win32
		{1D18E045-6B72-43F4-ACBD-3E679A3DE349}.Release|x64.ActiveCfg = Release|x64
		{1D18E045-6B72-43F4-ACBD-3E679A3DE349}.Release|x64.Build.0 = Release|x64
		{C05AE605-1250-4F58-911B-EC99AE2C25AF}.Debug|Win32.ActiveCfg = Debug|Win32
		{C05AE605-1250-4F58-911B-EC99AE2C25AF}.Debug|Win32.Build.0 = Debug|Win32
		{C05AE605-1250-4F58-911B-EC99AE2C25AF}.Debug|x64.ActiveCfg = Debug|x64
		{C05AE605-1250-4F58-911B-EC99AE2C25AF}.Debug|x64.Build.0 = Debug|x64
		{C05AE605-1250-4F58-911B-EC99AE2C25AF}.Http|Win32.ActiveCfg = Release|Win32
		{C05AE605-1250-4F58-911B-EC99AE2C25AF}.Http|Win32.Build.0 = Release|Win32
		{C05AE605-1250-4F58-911B-EC99AE2C25AF}.Http|x64.ActiveCfg = Release|x64
		{C05AE605-1250-4F58-911B-EC99AE2C25AF}.Http|x64.Build.0 = Release|x64
		{C05AE605-1250-4F58-911B-EC99AE2C25AF}.IPP|Win32.ActiveCfg = IPP|Win32
		{C05AE605-1250-4F58-911B-EC99AE2C25AF}.IPP|Win32.Build.0 = IPP|Win32
		{C05AE605-1250-4F58-911B-EC99AE2C25AF}.IPP|x64.ActiveCfg = IPP|x64
		{C05AE605-1250-4F58-911B-EC99AE2C25AF}.IPP|x64.Build.0 = IPP|x64
		{C05AE605-1250-4F58-911B-EC99AE2C25AF}.Release|Win32.ActiveCfg = Release|Win32
		{C05AE605-1250-4F58-911B-EC99AE2C25AF}.Release|Win32.Build.0 = Release|Win32
		{C05AE605-1250-4F58-911B-EC99AE2C25AF}.Release|x64.ActiveCfg = Release|x64
		{C05AE605-1250-4F58-911B-EC99AE2C25AF}.Release|x64.Build.0 = Release|x64
		{85445BB7-B95B-4DE1-BA52-7311AA700A27}.Debug|Win32.ActiveCfg = Debug|Win32
		{85445BB7-B95B-4DE1-BA52-7311AA700A27}.Debug|Win32.Build.0 = Debug|Win32
		{85445BB7-B95B-4DE1-BA52-7311AA700A27}.Debug|x64.ActiveCfg = Debug|x64
		{85445BB7-B95B-4DE1-BA52-7311AA700A27}.Debug|x64.Build.0 = Debug|x64
		{85445BB7-B95B-4DE1-BA52-7311AA700A27}.Http|Win32.ActiveCfg = Release|x64
		{85445BB7-B95B-4DE1-BA52-7311AA700A27}.Http|x64.ActiveCfg = Release|x64
		{85445BB7-B95B-4DE1-BA52-7311AA700A27}.Http|x64.Build.0 = Release|x64
		{85445BB7-B95B-4DE1-BA52-7311AA700A27}.IPP|Win32.ActiveCfg = IPP|Win32
		{85445BB7-B95B-4DE1-BA52-7311AA700A27}.IPP|Win32.Build.0 = IPP|Win32
		{85445BB7-B95B-4DE1-BA52-7311AA700A27}.IPP|x64.ActiveCfg = IPP|x64
		{85445BB7-B95B-4DE1-BA52-7311AA700A27}.IPP|x64.Build.0 = IPP|x64
		{85445BB7-B95B-4DE1-BA52-7311AA700A27}.Release|Win32.ActiveCfg = Release|Win32
		{85445BB7-B95B-4DE1-BA52-7311AA700A27}.Release|Win32.Build.0 = Release|Win32
		{85445BB7-B95B-4DE1-BA52-7311AA700A27}.Release|x64.ActiveCfg = Release|x64
		{85445BB7-B95B-4DE1-BA52-7311AA700A27}.Release|x64.Build.0 = Release|x64
		{CD0D6EC9-D652-4D1B-B23B-18E1AC3AA683}.Debug|Win32.ActiveCfg = Debug|Win32
		{CD0D6EC9-D652-4D1B-B23B-18E1AC3AA683}.Debug|Win32.Build.0 = Debug|Win32
		{CD0D6EC9-D652-4D1B-B23B-18E1AC3AA683}.Debug|x64.ActiveCfg = Debug|x64
		{CD0D6EC9-D652-4D1B-B23B-18E1AC3AA683}.Http|Win32.ActiveCfg = Release|Win32
		{CD0D6EC9-D652-4D1B-B23B-18E1AC3AA683}.Http|Win32.Build.0 = Release|Win32
		{CD0D6EC9-D652-4D1B-B23B-18E1AC3AA683}.Http|x64.ActiveCfg = Release|Win32
		{CD0D6EC9-D652-4D1B-B23B-18E1AC3AA683}.IPP|Win32.ActiveCfg = IPP|Win32
		{CD0D6EC9-D652-4D1B-B23B-18E1AC3AA683}.IPP|Win32.Build.0 = IPP|Win32
		{CD0D6EC9-D652-4D1B-B23B-18E1AC3AA683}.IPP|x64.ActiveCfg = IPP|x64
		{CD0D6EC9-D652-4D1B-B23B-18E1AC3AA683}.IPP|x64.Build.0 = IPP|x64
		{CD0D6EC9-D652-4D1B-B23B-18E1AC3AA683}.Release|Win32.ActiveCfg = Release|Win32
		{CD0D6EC9-D652-4D1B-B23B-18E1AC3AA683}.Release|Win32.Build.0 = Release|Win32
		{CD0D6EC9-D652-4D1B-B23B-18E1AC3AA683}.Release|x64.ActiveCfg = Release|x64
		{CD0D6EC9-D652-4D1B-B23B-18E1AC3AA683}.Release|x64.Build.0 = Release|x64
		{F9321962-FBED-4581-BF7D-D0EBC303D891}.Debug|Win32.ActiveCfg = Debug|Win32
		{F9321962-FBED-4581-BF7D-D0EBC303D891}.Debug|Win32.Build.0 = Debug|Win32
		{F9321962-FBED-4581-BF7D-D0EBC303D891}.Debug|x64.ActiveCfg = Debug|x64
		{F9321962-FBED-4581-BF7D-D0EBC303D891}.Debug|x64.Build.0 = Debug|x64
		{F9321962-FBED-4581-BF7D-D0EBC303D891}.Http|Win32.ActiveCfg = Release|Win32
		{F9321962-FBED-4581-BF7D-D0EBC303D891}.Http|Win32.Build.0 = Release|Win32
		{F9321962-FBED-4581-BF7D-D0EBC303D891}.Http|x64.ActiveCfg = Release|Win32
		{F9321962-FBED-4581-BF7D-D0EBC303D891}.IPP|Win32.ActiveCfg = IPP|Win32
		{F9321962-FBED-4581-BF7D-D0EBC303D891}.IPP|Win32.Build.0 = IPP|Win32
		{F9321962-FBED-4581-BF7D-D0EBC303D891}.IPP|x64.ActiveCfg = IPP|x64
		{F9321962-FBED-4581-BF7D-D0EBC303D891}.IPP|x64.Build.0 = IPP|x64
		{F9321962-FBED-4581-BF7D-D0EBC303D891}.Release|Win32.ActiveCfg = Release|Win32
		{F9321962-FBED-4581-BF7D-D0EBC303D891}.Release|Win32.Build.0 = Release|Win32
		{F9321962-FBED-4581-BF7D-D0EBC303D891}.Release|x64.ActiveCfg = Release|x64
		{F9321962-FBED-4581-BF7D-D0EBC303D891}.Release|x64.Build.0 = Release|x64
		{E8BA959F-B652-4BAB-9EA7-8E9FC8D7F39C}.Debug|Win32.ActiveCfg = Debug|Win32
		{E8BA959F-B652-4BAB-9EA7-8E9FC8D7F39C}.Debug|Win32.Build.0 = Debug|Win32
		{E8BA959F-B652-4BAB-9EA7-8E9FC8D7F39C}.Debug|x64.ActiveCfg = Debug|x64
		{E8BA959F-B652-4BAB-9EA7-8E9FC8D7F39C}.Debug|x64.Build.0 = Debug|x64
		{E8BA959F-B652-4BAB-9EA7-8E9FC8D7F39C}.Http|Win32.ActiveCfg = Release|Win32
		{E8BA959F-B652-4BAB-9EA7-8E9FC8D7F39C}.Http|Win32.Build.0 = Release|Win32
		{E8BA959F-B652-4BAB-9EA7-8E9FC8D7F39C}.Http|x64.ActiveCfg = Release|Win32
		{E8BA959F-B652-4BAB-9EA7-8E9FC8D7F39C}.IPP|Win32.ActiveCfg = IPP|Win32
		{E8BA959F-B652-4BAB-9EA7-8E9FC8D7F39C}.IPP|Win32.Build.0 = IPP|Win32
		{E8BA959F-B652-4BAB-9EA7-8E9FC8D7F39C}.IPP|x64.ActiveCfg = IPP|x64
		{E8BA959F-B652-4BAB-9EA7-8E9FC8D7F39C}.IPP|x64.Build.0 = IPP|x64
		{E8BA959F-B652-4BAB-9EA7-8E9FC8D7F39C}.Release|Win32.ActiveCfg = Release|Win32
		{E8BA959F-B652-4BAB-9EA7-8E9FC8D7F39C}.Release|Win32.Build.0 = Release|Win32
		{E8BA959F-B652-4BAB-9EA7-8E9FC8D7F39C}.Release|x64.ActiveCfg = Release|x64
		{E8BA959F-B652-4BAB-9EA7-8E9FC8D7F39C}.Release|x64.Build.0 = Release|x64
		{04F91FA4-2D94-4803-BA3B-B61FBEF0ABE3}.Debug|Win32.ActiveCfg = Debug|Win32
		{04F91FA4-2D94-4803-BA3B-B61FBEF0ABE3}.Debug|Win32.Build.0 = Debug|Win32
		{04F91FA4-2D94-4803-BA3B-B61FBEF0ABE3}.Debug|x64.ActiveCfg = Debug|x64
		{04F91FA4-2D94-4803-BA3B-B61FBEF0ABE3}.Debug|x64.Build.0 = Debug|x64
		{04F91FA4-2D94-4803-BA3B-B61FBEF0ABE3}.Http|Win32.ActiveCfg = Release|x64
		{04F91FA4-2D94-4803-BA3B-B61FBEF0ABE3}.Http|x64.ActiveCfg = IPP|x64
		{04F91FA4-2D94-4803-BA3B-B61FBEF0ABE3}.Http|x64.Build.0 = IPP|x64
		{04F91FA4-2D94-4803-BA3B-B61FBEF0ABE3}.IPP|Win32.ActiveCfg = IPP|Win32
		{04F91FA4-2D94-4803-BA3B-B61FBEF0ABE3}.IPP|Win32.Build.0 = IPP|Win32
		{04F91FA4-2D94-4803-BA3B-B61FBEF0ABE3}.IPP|x64.ActiveCfg = IPP|x64
		{04F91FA4-2D94-4803-BA3B-B61FBEF0ABE3}.IPP|x64.Build.0 = IPP|x64
		{04F91FA4-2D94-4803-BA3B-B61FBEF0ABE3}.Release|Win32.ActiveCfg = Release|Win32
		{04F91FA4-2D94-4803-BA3B-B61FBEF0ABE3}.Release|Win32.Build.0 = Release|Win32
		{04F91FA4-2D94-4803-BA3B-B61FBEF0ABE3}.Release|x64.ActiveCfg = Release|x64
		{04F91FA4-2D94-4803-BA3B-B61FBEF0ABE3}.Release|x64.Build.0 = Release|x64
		{4EDE86BD-98D5-2925-06D3-95E4DE8927E3}.Debug|Win32.ActiveCfg = Debug|Win32
		{4EDE86BD-98D5-2925-06D3-95E4DE8927E3}.Debug|Win32.Build.0 = Debug|Win32
		{4EDE86BD-98D5-2925-06D3-95E4DE8927E3}.Debug|x64.ActiveCfg = Debug|x64
		{4EDE86BD-98D5-2925-06D3-95E4DE8927E3}.Debug|x64.Build.0 = Debug|x64
		{4EDE86BD-98D5-2925-06D3-95E4DE8927E3}.Http|Win32.ActiveCfg = Release|x64
		{4EDE86BD-98D5-2925-06D3-95E4DE8927E3}.Http|x64.ActiveCfg = Release|x64
		{4EDE86BD-98D5-2925-06D3-95E4DE8927E3}.Http|x64.Build.0 = Release|x64
		{4EDE86BD-98D5-2925-06D3-95E4DE8927E3}.IPP|Win32.ActiveCfg = IPP|Win32
		{4EDE86BD-98D5-2925-06D3-95E4DE8927E3}.IPP|Win32.Build.0 = IPP|Win32
		{4EDE86BD-98D5-2925-06D3-95E4DE8927E3}.IPP|x64.ActiveCfg = IPP|x64
		{4EDE86BD-98D5-2925-06D3-95E4DE8927E3}.IPP|x64.Build.0 = IPP|x64
		{4EDE86BD-98D5-2925-06D3-95E4DE8927E3}.Release|Win32.ActiveCfg = Release|Win32
		{4EDE86BD-98D5-2925-06D3-95E4DE8927E3}.Release|Win32.Build.0 = Release|Win32
		{4EDE86BD-98D5-2925-06D3-95E4DE8927E3}.Release|x64.ActiveCfg = Release|x64
		{4EDE86BD-98D5-2925-06D3-95E4DE8927E3}.Release|x64.Build.0 = Release|x64
	EndGlobalSection
	GlobalSection(SolutionProperties) = preSolution
		HideSolutionNode = FALSE
	EndGlobalSection
EndGlobal
