
Microsoft Visual Studio Solution File, Format Version 11.00
# Visual Studio 2010
Project("{8BC9CEB8-8B4A-11D0-8D11-00A0C91BC942}") = "omnithread", "omnithread\omnithread.vcxproj", "{E52B9956-FE67-47F7-BC4F-67CC5A64B708}"
EndProject
Project("{8BC9CEB8-8B4A-11D0-8D11-00A0C91BC942}") = "rdr", "..\rdr\rdr.vcxproj", "{F5244002-0FFF-4F19-A941-FCCE1861F132}"
EndProject
Project("{8BC9CEB8-8B4A-11D0-8D11-00A0C91BC942}") = "vnchooks", "vnchooks\vnchooks.vcxproj", "{1D18E045-6B72-43F4-ACBD-3E679A3DE349}"
EndProject
Project("{8BC9CEB8-8B4A-11D0-8D11-00A0C91BC942}") = "winvnc", "winvnc\winvnc.vcxproj", "{C05AE605-1250-4F58-911B-EC99AE2C25AF}"
EndProject
Project("{8BC9CEB8-8B4A-11D0-8D11-00A0C91BC942}") = "avilog", "..\avilog\avilog\avilog.vcxproj", "{CD0D6EC9-D652-4D1B-B23B-18E1AC3AA683}"
EndProject
Project("{8BC9CEB8-8B4A-11D0-8D11-00A0C91BC942}") = "unz32lib", "..\zipunzip_src\unzip\windll\vc6\lib\unz32lib.vcxproj", "{F9321962-FBED-4581-BF7D-D0EBC303D891}"
EndProject
Project("{8BC9CEB8-8B4A-11D0-8D11-00A0C91BC942}") = "zip32", "..\zipunzip_src\zip20\windll\visualc\lib\zip32.vcxproj", "{E8BA959F-B652-4BAB-9EA7-8E9FC8D7F39C}"
EndProject
Project("{8BC9CEB8-8B4A-11D0-8D11-00A0C91BC942}") = "libjpeg-turbo-win", "..\libjpeg-turbo-win\libjpeg-turbo-win.vcxproj", "{04F91FA4-2D94-4803-BA3B-B61FBEF0ABE3}"
EndProject
Project("{8BC9CEB8-8B4A-11D0-8D11-00A0C91BC942}") = "zlibstat", "..\zlib-1.2.5\contrib\vstudio\vc10\zlibstat.vcxproj", "{745DEC58-EBB3-47A9-A9B8-4C6627C01BF8}"
EndProject
Global
	GlobalSection(SolutionConfigurationPlatforms) = preSolution
		ASM Debug|Itanium = ASM Debug|Itanium
		ASM Debug|Win32 = ASM Debug|Win32
		ASM Debug|x64 = ASM Debug|x64
		ASM Release|Itanium = ASM Release|Itanium
		ASM Release|Win32 = ASM Release|Win32
		ASM Release|x64 = ASM Release|x64
		Debug|Itanium = Debug|Itanium
		Debug|Win32 = Debug|Win32
		Debug|x64 = Debug|x64
		Http|Itanium = Http|Itanium
		Http|Win32 = Http|Win32
		Http|x64 = Http|x64
		IPP|Itanium = IPP|Itanium
		IPP|Win32 = IPP|Win32
		IPP|x64 = IPP|x64
		Release|Itanium = Release|Itanium
		Release|Win32 = Release|Win32
		Release|x64 = Release|x64
		ReleaseWithoutAsm|Itanium = ReleaseWithoutAsm|Itanium
		ReleaseWithoutAsm|Win32 = ReleaseWithoutAsm|Win32
		ReleaseWithoutAsm|x64 = ReleaseWithoutAsm|x64
	EndGlobalSection
	GlobalSection(ProjectConfigurationPlatforms) = postSolution
		{E52B9956-FE67-47F7-BC4F-67CC5A64B708}.ASM Debug|Itanium.ActiveCfg = Debug|x64
		{E52B9956-FE67-47F7-BC4F-67CC5A64B708}.ASM Debug|Win32.ActiveCfg = Debug|Win32
		{E52B9956-FE67-47F7-BC4F-67CC5A64B708}.ASM Debug|Win32.Build.0 = Debug|Win32
		{E52B9956-FE67-47F7-BC4F-67CC5A64B708}.ASM Debug|x64.ActiveCfg = Debug|x64
		{E52B9956-FE67-47F7-BC4F-67CC5A64B708}.ASM Debug|x64.Build.0 = Debug|x64
		{E52B9956-FE67-47F7-BC4F-67CC5A64B708}.ASM Release|Itanium.ActiveCfg = Release|x64
		{E52B9956-FE67-47F7-BC4F-67CC5A64B708}.ASM Release|Win32.ActiveCfg = Release|Win32
		{E52B9956-FE67-47F7-BC4F-67CC5A64B708}.ASM Release|Win32.Build.0 = Release|Win32
		{E52B9956-FE67-47F7-BC4F-67CC5A64B708}.ASM Release|x64.ActiveCfg = Release|x64
		{E52B9956-FE67-47F7-BC4F-67CC5A64B708}.ASM Release|x64.Build.0 = Release|x64
		{E52B9956-FE67-47F7-BC4F-67CC5A64B708}.Debug|Itanium.ActiveCfg = Debug|x64
		{E52B9956-FE67-47F7-BC4F-67CC5A64B708}.Debug|Win32.ActiveCfg = Debug|Win32
		{E52B9956-FE67-47F7-BC4F-67CC5A64B708}.Debug|Win32.Build.0 = Debug|Win32
		{E52B9956-FE67-47F7-BC4F-67CC5A64B708}.Debug|x64.ActiveCfg = Debug|x64
		{E52B9956-FE67-47F7-BC4F-67CC5A64B708}.Debug|x64.Build.0 = Debug|x64
		{E52B9956-FE67-47F7-BC4F-67CC5A64B708}.Http|Itanium.ActiveCfg = Release|x64
		{E52B9956-FE67-47F7-BC4F-67CC5A64B708}.Http|Win32.ActiveCfg = Release|Win32
		{E52B9956-FE67-47F7-BC4F-67CC5A64B708}.Http|Win32.Build.0 = Release|Win32
		{E52B9956-FE67-47F7-BC4F-67CC5A64B708}.Http|x64.ActiveCfg = Release|x64
		{E52B9956-FE67-47F7-BC4F-67CC5A64B708}.Http|x64.Build.0 = Release|x64
		{E52B9956-FE67-47F7-BC4F-67CC5A64B708}.IPP|Itanium.ActiveCfg = IPP|x64
		{E52B9956-FE67-47F7-BC4F-67CC5A64B708}.IPP|Win32.ActiveCfg = IPP|Win32
		{E52B9956-FE67-47F7-BC4F-67CC5A64B708}.IPP|Win32.Build.0 = IPP|Win32
		{E52B9956-FE67-47F7-BC4F-67CC5A64B708}.IPP|x64.ActiveCfg = IPP|x64
		{E52B9956-FE67-47F7-BC4F-67CC5A64B708}.IPP|x64.Build.0 = IPP|x64
		{E52B9956-FE67-47F7-BC4F-67CC5A64B708}.Release|Itanium.ActiveCfg = Release|x64
		{E52B9956-FE67-47F7-BC4F-67CC5A64B708}.Release|Win32.ActiveCfg = Release|Win32
		{E52B9956-FE67-47F7-BC4F-67CC5A64B708}.Release|Win32.Build.0 = Release|Win32
		{E52B9956-FE67-47F7-BC4F-67CC5A64B708}.Release|x64.ActiveCfg = Release|x64
		{E52B9956-FE67-47F7-BC4F-67CC5A64B708}.Release|x64.Build.0 = Release|x64
		{E52B9956-FE67-47F7-BC4F-67CC5A64B708}.ReleaseWithoutAsm|Itanium.ActiveCfg = Release|x64
		{E52B9956-FE67-47F7-BC4F-67CC5A64B708}.ReleaseWithoutAsm|Win32.ActiveCfg = Release|x64
		{E52B9956-FE67-47F7-BC4F-67CC5A64B708}.ReleaseWithoutAsm|x64.ActiveCfg = Release|x64
		{E52B9956-FE67-47F7-BC4F-67CC5A64B708}.ReleaseWithoutAsm|x64.Build.0 = Release|x64
		{F5244002-0FFF-4F19-A941-FCCE1861F132}.ASM Debug|Itanium.ActiveCfg = Debug|x64
		{F5244002-0FFF-4F19-A941-FCCE1861F132}.ASM Debug|Win32.ActiveCfg = Debug|Win32
		{F5244002-0FFF-4F19-A941-FCCE1861F132}.ASM Debug|Win32.Build.0 = Debug|Win32
		{F5244002-0FFF-4F19-A941-FCCE1861F132}.ASM Debug|x64.ActiveCfg = Debug|x64
		{F5244002-0FFF-4F19-A941-FCCE1861F132}.ASM Debug|x64.Build.0 = Debug|x64
		{F5244002-0FFF-4F19-A941-FCCE1861F132}.ASM Release|Itanium.ActiveCfg = Release|x64
		{F5244002-0FFF-4F19-A941-FCCE1861F132}.ASM Release|Win32.ActiveCfg = Release|Win32
		{F5244002-0FFF-4F19-A941-FCCE1861F132}.ASM Release|Win32.Build.0 = Release|Win32
		{F5244002-0FFF-4F19-A941-FCCE1861F132}.ASM Release|x64.ActiveCfg = Release|x64
		{F5244002-0FFF-4F19-A941-FCCE1861F132}.ASM Release|x64.Build.0 = Release|x64
		{F5244002-0FFF-4F19-A941-FCCE1861F132}.Debug|Itanium.ActiveCfg = Debug|x64
		{F5244002-0FFF-4F19-A941-FCCE1861F132}.Debug|Win32.ActiveCfg = Debug|Win32
		{F5244002-0FFF-4F19-A941-FCCE1861F132}.Debug|Win32.Build.0 = Debug|Win32
		{F5244002-0FFF-4F19-A941-FCCE1861F132}.Debug|x64.ActiveCfg = Debug|x64
		{F5244002-0FFF-4F19-A941-FCCE1861F132}.Debug|x64.Build.0 = Debug|x64
		{F5244002-0FFF-4F19-A941-FCCE1861F132}.Http|Itanium.ActiveCfg = Release|x64
		{F5244002-0FFF-4F19-A941-FCCE1861F132}.Http|Win32.ActiveCfg = Debug|Win32
		{F5244002-0FFF-4F19-A941-FCCE1861F132}.Http|Win32.Build.0 = Debug|Win32
		{F5244002-0FFF-4F19-A941-FCCE1861F132}.Http|x64.ActiveCfg = Debug|x64
		{F5244002-0FFF-4F19-A941-FCCE1861F132}.Http|x64.Build.0 = Debug|x64
		{F5244002-0FFF-4F19-A941-FCCE1861F132}.IPP|Itanium.ActiveCfg = IPP|x64
		{F5244002-0FFF-4F19-A941-FCCE1861F132}.IPP|Win32.ActiveCfg = IPP|Win32
		{F5244002-0FFF-4F19-A941-FCCE1861F132}.IPP|Win32.Build.0 = IPP|Win32
		{F5244002-0FFF-4F19-A941-FCCE1861F132}.IPP|x64.ActiveCfg = IPP|x64
		{F5244002-0FFF-4F19-A941-FCCE1861F132}.IPP|x64.Build.0 = IPP|x64
		{F5244002-0FFF-4F19-A941-FCCE1861F132}.Release|Itanium.ActiveCfg = Release|x64
		{F5244002-0FFF-4F19-A941-FCCE1861F132}.Release|Win32.ActiveCfg = Release|Win32
		{F5244002-0FFF-4F19-A941-FCCE1861F132}.Release|Win32.Build.0 = Release|Win32
		{F5244002-0FFF-4F19-A941-FCCE1861F132}.Release|x64.ActiveCfg = Release|x64
		{F5244002-0FFF-4F19-A941-FCCE1861F132}.Release|x64.Build.0 = Release|x64
		{F5244002-0FFF-4F19-A941-FCCE1861F132}.ReleaseWithoutAsm|Itanium.ActiveCfg = Release|x64
		{F5244002-0FFF-4F19-A941-FCCE1861F132}.ReleaseWithoutAsm|Win32.ActiveCfg = Release|x64
		{F5244002-0FFF-4F19-A941-FCCE1861F132}.ReleaseWithoutAsm|x64.ActiveCfg = Release|x64
		{F5244002-0FFF-4F19-A941-FCCE1861F132}.ReleaseWithoutAsm|x64.Build.0 = Release|x64
		{1D18E045-6B72-43F4-ACBD-3E679A3DE349}.ASM Debug|Itanium.ActiveCfg = Debug|x64
		{1D18E045-6B72-43F4-ACBD-3E679A3DE349}.ASM Debug|Win32.ActiveCfg = Debug|Win32
		{1D18E045-6B72-43F4-ACBD-3E679A3DE349}.ASM Debug|Win32.Build.0 = Debug|Win32
		{1D18E045-6B72-43F4-ACBD-3E679A3DE349}.ASM Debug|x64.ActiveCfg = Debug|x64
		{1D18E045-6B72-43F4-ACBD-3E679A3DE349}.ASM Debug|x64.Build.0 = Debug|x64
		{1D18E045-6B72-43F4-ACBD-3E679A3DE349}.ASM Release|Itanium.ActiveCfg = Release|x64
		{1D18E045-6B72-43F4-ACBD-3E679A3DE349}.ASM Release|Win32.ActiveCfg = Release|Win32
		{1D18E045-6B72-43F4-ACBD-3E679A3DE349}.ASM Release|Win32.Build.0 = Release|Win32
		{1D18E045-6B72-43F4-ACBD-3E679A3DE349}.ASM Release|x64.ActiveCfg = Release|x64
		{1D18E045-6B72-43F4-ACBD-3E679A3DE349}.ASM Release|x64.Build.0 = Release|x64
		{1D18E045-6B72-43F4-ACBD-3E679A3DE349}.Debug|Itanium.ActiveCfg = Debug|x64
		{1D18E045-6B72-43F4-ACBD-3E679A3DE349}.Debug|Win32.ActiveCfg = Debug|Win32
		{1D18E045-6B72-43F4-ACBD-3E679A3DE349}.Debug|Win32.Build.0 = Debug|Win32
		{1D18E045-6B72-43F4-ACBD-3E679A3DE349}.Debug|x64.ActiveCfg = Debug|x64
		{1D18E045-6B72-43F4-ACBD-3E679A3DE349}.Debug|x64.Build.0 = Debug|x64
		{1D18E045-6B72-43F4-ACBD-3E679A3DE349}.Http|Itanium.ActiveCfg = Release|x64
		{1D18E045-6B72-43F4-ACBD-3E679A3DE349}.Http|Win32.ActiveCfg = Release|Win32
		{1D18E045-6B72-43F4-ACBD-3E679A3DE349}.Http|Win32.Build.0 = Release|Win32
		{1D18E045-6B72-43F4-ACBD-3E679A3DE349}.Http|x64.ActiveCfg = Release|x64
		{1D18E045-6B72-43F4-ACBD-3E679A3DE349}.Http|x64.Build.0 = Release|x64
		{1D18E045-6B72-43F4-ACBD-3E679A3DE349}.IPP|Itanium.ActiveCfg = IPP|x64
		{1D18E045-6B72-43F4-ACBD-3E679A3DE349}.IPP|Win32.ActiveCfg = IPP|Win32
		{1D18E045-6B72-43F4-ACBD-3E679A3DE349}.IPP|Win32.Build.0 = IPP|Win32
		{1D18E045-6B72-43F4-ACBD-3E679A3DE349}.IPP|x64.ActiveCfg = IPP|x64
		{1D18E045-6B72-43F4-ACBD-3E679A3DE349}.IPP|x64.Build.0 = IPP|x64
		{1D18E045-6B72-43F4-ACBD-3E679A3DE349}.Release|Itanium.ActiveCfg = Release|x64
		{1D18E045-6B72-43F4-ACBD-3E679A3DE349}.Release|Win32.ActiveCfg = Release|Win32
		{1D18E045-6B72-43F4-ACBD-3E679A3DE349}.Release|Win32.Build.0 = Release|Win32
		{1D18E045-6B72-43F4-ACBD-3E679A3DE349}.Release|x64.ActiveCfg = Release|x64
		{1D18E045-6B72-43F4-ACBD-3E679A3DE349}.Release|x64.Build.0 = Release|x64
		{1D18E045-6B72-43F4-ACBD-3E679A3DE349}.ReleaseWithoutAsm|Itanium.ActiveCfg = Release|x64
		{1D18E045-6B72-43F4-ACBD-3E679A3DE349}.ReleaseWithoutAsm|Win32.ActiveCfg = Release|x64
		{1D18E045-6B72-43F4-ACBD-3E679A3DE349}.ReleaseWithoutAsm|x64.ActiveCfg = Release|x64
		{1D18E045-6B72-43F4-ACBD-3E679A3DE349}.ReleaseWithoutAsm|x64.Build.0 = Release|x64
		{C05AE605-1250-4F58-911B-EC99AE2C25AF}.ASM Debug|Itanium.ActiveCfg = Debug|x64
		{C05AE605-1250-4F58-911B-EC99AE2C25AF}.ASM Debug|Win32.ActiveCfg = Debug|Win32
		{C05AE605-1250-4F58-911B-EC99AE2C25AF}.ASM Debug|Win32.Build.0 = Debug|Win32
		{C05AE605-1250-4F58-911B-EC99AE2C25AF}.ASM Debug|x64.ActiveCfg = Debug|x64
		{C05AE605-1250-4F58-911B-EC99AE2C25AF}.ASM Debug|x64.Build.0 = Debug|x64
		{C05AE605-1250-4F58-911B-EC99AE2C25AF}.ASM Release|Itanium.ActiveCfg = Release|x64
		{C05AE605-1250-4F58-911B-EC99AE2C25AF}.ASM Release|Win32.ActiveCfg = Release|Win32
		{C05AE605-1250-4F58-911B-EC99AE2C25AF}.ASM Release|Win32.Build.0 = Release|Win32
		{C05AE605-1250-4F58-911B-EC99AE2C25AF}.ASM Release|x64.ActiveCfg = Release|x64
		{C05AE605-1250-4F58-911B-EC99AE2C25AF}.ASM Release|x64.Build.0 = Release|x64
		{C05AE605-1250-4F58-911B-EC99AE2C25AF}.Debug|Itanium.ActiveCfg = Debug|x64
		{C05AE605-1250-4F58-911B-EC99AE2C25AF}.Debug|Win32.ActiveCfg = Debug|Win32
		{C05AE605-1250-4F58-911B-EC99AE2C25AF}.Debug|Win32.Build.0 = Debug|Win32
		{C05AE605-1250-4F58-911B-EC99AE2C25AF}.Debug|x64.ActiveCfg = Debug|x64
		{C05AE605-1250-4F58-911B-EC99AE2C25AF}.Debug|x64.Build.0 = Debug|x64
		{C05AE605-1250-4F58-911B-EC99AE2C25AF}.Http|Itanium.ActiveCfg = Release|x64
		{C05AE605-1250-4F58-911B-EC99AE2C25AF}.Http|Win32.ActiveCfg = Release|Win32
		{C05AE605-1250-4F58-911B-EC99AE2C25AF}.Http|Win32.Build.0 = Release|Win32
		{C05AE605-1250-4F58-911B-EC99AE2C25AF}.Http|x64.ActiveCfg = Release|x64
		{C05AE605-1250-4F58-911B-EC99AE2C25AF}.Http|x64.Build.0 = Release|x64
		{C05AE605-1250-4F58-911B-EC99AE2C25AF}.IPP|Itanium.ActiveCfg = IPP|x64
		{C05AE605-1250-4F58-911B-EC99AE2C25AF}.IPP|Win32.ActiveCfg = IPP|Win32
		{C05AE605-1250-4F58-911B-EC99AE2C25AF}.IPP|Win32.Build.0 = IPP|Win32
		{C05AE605-1250-4F58-911B-EC99AE2C25AF}.IPP|x64.ActiveCfg = IPP|x64
		{C05AE605-1250-4F58-911B-EC99AE2C25AF}.IPP|x64.Build.0 = IPP|x64
		{C05AE605-1250-4F58-911B-EC99AE2C25AF}.Release|Itanium.ActiveCfg = Release|x64
		{C05AE605-1250-4F58-911B-EC99AE2C25AF}.Release|Win32.ActiveCfg = Release|Win32
		{C05AE605-1250-4F58-911B-EC99AE2C25AF}.Release|Win32.Build.0 = Release|Win32
		{C05AE605-1250-4F58-911B-EC99AE2C25AF}.Release|x64.ActiveCfg = Release|x64
		{C05AE605-1250-4F58-911B-EC99AE2C25AF}.Release|x64.Build.0 = Release|x64
		{C05AE605-1250-4F58-911B-EC99AE2C25AF}.ReleaseWithoutAsm|Itanium.ActiveCfg = Release|x64
		{C05AE605-1250-4F58-911B-EC99AE2C25AF}.ReleaseWithoutAsm|Win32.ActiveCfg = Release|x64
		{C05AE605-1250-4F58-911B-EC99AE2C25AF}.ReleaseWithoutAsm|x64.ActiveCfg = Release|x64
		{C05AE605-1250-4F58-911B-EC99AE2C25AF}.ReleaseWithoutAsm|x64.Build.0 = Release|x64
		{CD0D6EC9-D652-4D1B-B23B-18E1AC3AA683}.ASM Debug|Itanium.ActiveCfg = Debug|x64
		{CD0D6EC9-D652-4D1B-B23B-18E1AC3AA683}.ASM Debug|Win32.ActiveCfg = Debug|Win32
		{CD0D6EC9-D652-4D1B-B23B-18E1AC3AA683}.ASM Debug|Win32.Build.0 = Debug|Win32
		{CD0D6EC9-D652-4D1B-B23B-18E1AC3AA683}.ASM Debug|x64.ActiveCfg = Debug|Win32
		{CD0D6EC9-D652-4D1B-B23B-18E1AC3AA683}.ASM Release|Itanium.ActiveCfg = Release|x64
		{CD0D6EC9-D652-4D1B-B23B-18E1AC3AA683}.ASM Release|Win32.ActiveCfg = Release|Win32
		{CD0D6EC9-D652-4D1B-B23B-18E1AC3AA683}.ASM Release|Win32.Build.0 = Release|Win32
		{CD0D6EC9-D652-4D1B-B23B-18E1AC3AA683}.ASM Release|x64.ActiveCfg = Release|Win32
		{CD0D6EC9-D652-4D1B-B23B-18E1AC3AA683}.Debug|Itanium.ActiveCfg = Debug|x64
		{CD0D6EC9-D652-4D1B-B23B-18E1AC3AA683}.Debug|Win32.ActiveCfg = Debug|Win32
		{CD0D6EC9-D652-4D1B-B23B-18E1AC3AA683}.Debug|Win32.Build.0 = Debug|Win32
		{CD0D6EC9-D652-4D1B-B23B-18E1AC3AA683}.Debug|x64.ActiveCfg = Debug|x64
		{CD0D6EC9-D652-4D1B-B23B-18E1AC3AA683}.Http|Itanium.ActiveCfg = Release|x64
		{CD0D6EC9-D652-4D1B-B23B-18E1AC3AA683}.Http|Win32.ActiveCfg = Release|Win32
		{CD0D6EC9-D652-4D1B-B23B-18E1AC3AA683}.Http|Win32.Build.0 = Release|Win32
		{CD0D6EC9-D652-4D1B-B23B-18E1AC3AA683}.Http|x64.ActiveCfg = Release|Win32
		{CD0D6EC9-D652-4D1B-B23B-18E1AC3AA683}.IPP|Itanium.ActiveCfg = Release|x64
		{CD0D6EC9-D652-4D1B-B23B-18E1AC3AA683}.IPP|Win32.ActiveCfg = Release|Win32
		{CD0D6EC9-D652-4D1B-B23B-18E1AC3AA683}.IPP|Win32.Build.0 = Release|Win32
		{CD0D6EC9-D652-4D1B-B23B-18E1AC3AA683}.IPP|x64.ActiveCfg = Release|Win32
		{CD0D6EC9-D652-4D1B-B23B-18E1AC3AA683}.Release|Itanium.ActiveCfg = Release|x64
		{CD0D6EC9-D652-4D1B-B23B-18E1AC3AA683}.Release|Win32.ActiveCfg = Release|Win32
		{CD0D6EC9-D652-4D1B-B23B-18E1AC3AA683}.Release|Win32.Build.0 = Release|Win32
		{CD0D6EC9-D652-4D1B-B23B-18E1AC3AA683}.Release|x64.ActiveCfg = Release|x64
		{CD0D6EC9-D652-4D1B-B23B-18E1AC3AA683}.Release|x64.Build.0 = Release|x64
		{CD0D6EC9-D652-4D1B-B23B-18E1AC3AA683}.ReleaseWithoutAsm|Itanium.ActiveCfg = Release|x64
		{CD0D6EC9-D652-4D1B-B23B-18E1AC3AA683}.ReleaseWithoutAsm|Win32.ActiveCfg = Release|x64
		{CD0D6EC9-D652-4D1B-B23B-18E1AC3AA683}.ReleaseWithoutAsm|x64.ActiveCfg = Release|x64
		{CD0D6EC9-D652-4D1B-B23B-18E1AC3AA683}.ReleaseWithoutAsm|x64.Build.0 = Release|x64
		{F9321962-FBED-4581-BF7D-D0EBC303D891}.ASM Debug|Itanium.ActiveCfg = ASM Debug|x64
		{F9321962-FBED-4581-BF7D-D0EBC303D891}.ASM Debug|Win32.ActiveCfg = ASM Debug|Win32
		{F9321962-FBED-4581-BF7D-D0EBC303D891}.ASM Debug|Win32.Build.0 = ASM Debug|Win32
		{F9321962-FBED-4581-BF7D-D0EBC303D891}.ASM Debug|x64.ActiveCfg = ASM Debug|Win32
		{F9321962-FBED-4581-BF7D-D0EBC303D891}.ASM Release|Itanium.ActiveCfg = ASM Release|x64
		{F9321962-FBED-4581-BF7D-D0EBC303D891}.ASM Release|Win32.ActiveCfg = ASM Release|Win32
		{F9321962-FBED-4581-BF7D-D0EBC303D891}.ASM Release|Win32.Build.0 = ASM Release|Win32
		{F9321962-FBED-4581-BF7D-D0EBC303D891}.ASM Release|x64.ActiveCfg = ASM Release|Win32
		{F9321962-FBED-4581-BF7D-D0EBC303D891}.Debug|Itanium.ActiveCfg = Debug|x64
		{F9321962-FBED-4581-BF7D-D0EBC303D891}.Debug|Win32.ActiveCfg = Debug|Win32
		{F9321962-FBED-4581-BF7D-D0EBC303D891}.Debug|Win32.Build.0 = Debug|Win32
		{F9321962-FBED-4581-BF7D-D0EBC303D891}.Debug|x64.ActiveCfg = Debug|x64
		{F9321962-FBED-4581-BF7D-D0EBC303D891}.Debug|x64.Build.0 = Debug|x64
		{F9321962-FBED-4581-BF7D-D0EBC303D891}.Http|Itanium.ActiveCfg = Release|x64
		{F9321962-FBED-4581-BF7D-D0EBC303D891}.Http|Win32.ActiveCfg = Release|Win32
		{F9321962-FBED-4581-BF7D-D0EBC303D891}.Http|Win32.Build.0 = Release|Win32
		{F9321962-FBED-4581-BF7D-D0EBC303D891}.Http|x64.ActiveCfg = Release|Win32
		{F9321962-FBED-4581-BF7D-D0EBC303D891}.IPP|Itanium.ActiveCfg = Release|x64
		{F9321962-FBED-4581-BF7D-D0EBC303D891}.IPP|Win32.ActiveCfg = Release|Win32
		{F9321962-FBED-4581-BF7D-D0EBC303D891}.IPP|Win32.Build.0 = Release|Win32
		{F9321962-FBED-4581-BF7D-D0EBC303D891}.IPP|x64.ActiveCfg = Release|Win32
		{F9321962-FBED-4581-BF7D-D0EBC303D891}.Release|Itanium.ActiveCfg = Release|x64
		{F9321962-FBED-4581-BF7D-D0EBC303D891}.Release|Win32.ActiveCfg = Release|Win32
		{F9321962-FBED-4581-BF7D-D0EBC303D891}.Release|Win32.Build.0 = Release|Win32
		{F9321962-FBED-4581-BF7D-D0EBC303D891}.Release|x64.ActiveCfg = Release|x64
		{F9321962-FBED-4581-BF7D-D0EBC303D891}.Release|x64.Build.0 = Release|x64
		{F9321962-FBED-4581-BF7D-D0EBC303D891}.ReleaseWithoutAsm|Itanium.ActiveCfg = Release|x64
		{F9321962-FBED-4581-BF7D-D0EBC303D891}.ReleaseWithoutAsm|Win32.ActiveCfg = Release|x64
		{F9321962-FBED-4581-BF7D-D0EBC303D891}.ReleaseWithoutAsm|x64.ActiveCfg = Release|x64
		{F9321962-FBED-4581-BF7D-D0EBC303D891}.ReleaseWithoutAsm|x64.Build.0 = Release|x64
		{E8BA959F-B652-4BAB-9EA7-8E9FC8D7F39C}.ASM Debug|Itanium.ActiveCfg = Debug|x64
		{E8BA959F-B652-4BAB-9EA7-8E9FC8D7F39C}.ASM Debug|Win32.ActiveCfg = Debug|Win32
		{E8BA959F-B652-4BAB-9EA7-8E9FC8D7F39C}.ASM Debug|Win32.Build.0 = Debug|Win32
		{E8BA959F-B652-4BAB-9EA7-8E9FC8D7F39C}.ASM Debug|x64.ActiveCfg = Debug|Win32
		{E8BA959F-B652-4BAB-9EA7-8E9FC8D7F39C}.ASM Release|Itanium.ActiveCfg = Release|x64
		{E8BA959F-B652-4BAB-9EA7-8E9FC8D7F39C}.ASM Release|Win32.ActiveCfg = Release|Win32
		{E8BA959F-B652-4BAB-9EA7-8E9FC8D7F39C}.ASM Release|Win32.Build.0 = Release|Win32
		{E8BA959F-B652-4BAB-9EA7-8E9FC8D7F39C}.ASM Release|x64.ActiveCfg = Release|Win32
		{E8BA959F-B652-4BAB-9EA7-8E9FC8D7F39C}.Debug|Itanium.ActiveCfg = Debug|x64
		{E8BA959F-B652-4BAB-9EA7-8E9FC8D7F39C}.Debug|Win32.ActiveCfg = Debug|Win32
		{E8BA959F-B652-4BAB-9EA7-8E9FC8D7F39C}.Debug|Win32.Build.0 = Debug|Win32
		{E8BA959F-B652-4BAB-9EA7-8E9FC8D7F39C}.Debug|x64.ActiveCfg = Debug|x64
		{E8BA959F-B652-4BAB-9EA7-8E9FC8D7F39C}.Debug|x64.Build.0 = Debug|x64
		{E8BA959F-B652-4BAB-9EA7-8E9FC8D7F39C}.Http|Itanium.ActiveCfg = Release|x64
		{E8BA959F-B652-4BAB-9EA7-8E9FC8D7F39C}.Http|Win32.ActiveCfg = Release|Win32
		{E8BA959F-B652-4BAB-9EA7-8E9FC8D7F39C}.Http|Win32.Build.0 = Release|Win32
		{E8BA959F-B652-4BAB-9EA7-8E9FC8D7F39C}.Http|x64.ActiveCfg = Release|Win32
		{E8BA959F-B652-4BAB-9EA7-8E9FC8D7F39C}.IPP|Itanium.ActiveCfg = Release|x64
		{E8BA959F-B652-4BAB-9EA7-8E9FC8D7F39C}.IPP|Win32.ActiveCfg = Release|Win32
		{E8BA959F-B652-4BAB-9EA7-8E9FC8D7F39C}.IPP|Win32.Build.0 = Release|Win32
		{E8BA959F-B652-4BAB-9EA7-8E9FC8D7F39C}.IPP|x64.ActiveCfg = Release|Win32
		{E8BA959F-B652-4BAB-9EA7-8E9FC8D7F39C}.Release|Itanium.ActiveCfg = Release|x64
		{E8BA959F-B652-4BAB-9EA7-8E9FC8D7F39C}.Release|Win32.ActiveCfg = Release|Win32
		{E8BA959F-B652-4BAB-9EA7-8E9FC8D7F39C}.Release|Win32.Build.0 = Release|Win32
		{E8BA959F-B652-4BAB-9EA7-8E9FC8D7F39C}.Release|x64.ActiveCfg = Release|x64
		{E8BA959F-B652-4BAB-9EA7-8E9FC8D7F39C}.Release|x64.Build.0 = Release|x64
		{E8BA959F-B652-4BAB-9EA7-8E9FC8D7F39C}.ReleaseWithoutAsm|Itanium.ActiveCfg = Release|x64
		{E8BA959F-B652-4BAB-9EA7-8E9FC8D7F39C}.ReleaseWithoutAsm|Win32.ActiveCfg = Release|x64
		{E8BA959F-B652-4BAB-9EA7-8E9FC8D7F39C}.ReleaseWithoutAsm|x64.ActiveCfg = Release|x64
		{E8BA959F-B652-4BAB-9EA7-8E9FC8D7F39C}.ReleaseWithoutAsm|x64.Build.0 = Release|x64
		{04F91FA4-2D94-4803-BA3B-B61FBEF0ABE3}.ASM Debug|Itanium.ActiveCfg = Debug|x64
		{04F91FA4-2D94-4803-BA3B-B61FBEF0ABE3}.ASM Debug|Win32.ActiveCfg = Debug|Win32
		{04F91FA4-2D94-4803-BA3B-B61FBEF0ABE3}.ASM Debug|Win32.Build.0 = Debug|Win32
		{04F91FA4-2D94-4803-BA3B-B61FBEF0ABE3}.ASM Debug|x64.ActiveCfg = Debug|x64
		{04F91FA4-2D94-4803-BA3B-B61FBEF0ABE3}.ASM Debug|x64.Build.0 = Debug|x64
		{04F91FA4-2D94-4803-BA3B-B61FBEF0ABE3}.ASM Release|Itanium.ActiveCfg = Release|x64
		{04F91FA4-2D94-4803-BA3B-B61FBEF0ABE3}.ASM Release|Win32.ActiveCfg = Release|Win32
		{04F91FA4-2D94-4803-BA3B-B61FBEF0ABE3}.ASM Release|Win32.Build.0 = Release|Win32
		{04F91FA4-2D94-4803-BA3B-B61FBEF0ABE3}.ASM Release|x64.ActiveCfg = Release|x64
		{04F91FA4-2D94-4803-BA3B-B61FBEF0ABE3}.ASM Release|x64.Build.0 = Release|x64
		{04F91FA4-2D94-4803-BA3B-B61FBEF0ABE3}.Debug|Itanium.ActiveCfg = Debug|x64
		{04F91FA4-2D94-4803-BA3B-B61FBEF0ABE3}.Debug|Win32.ActiveCfg = Debug|Win32
		{04F91FA4-2D94-4803-BA3B-B61FBEF0ABE3}.Debug|Win32.Build.0 = Debug|Win32
		{04F91FA4-2D94-4803-BA3B-B61FBEF0ABE3}.Debug|x64.ActiveCfg = Debug|x64
		{04F91FA4-2D94-4803-BA3B-B61FBEF0ABE3}.Debug|x64.Build.0 = Debug|x64
		{04F91FA4-2D94-4803-BA3B-B61FBEF0ABE3}.Http|Itanium.ActiveCfg = Release|x64
		{04F91FA4-2D94-4803-BA3B-B61FBEF0ABE3}.Http|Win32.ActiveCfg = Release|x64
		{04F91FA4-2D94-4803-BA3B-B61FBEF0ABE3}.Http|x64.ActiveCfg = Release|x64
		{04F91FA4-2D94-4803-BA3B-B61FBEF0ABE3}.Http|x64.Build.0 = Release|x64
		{04F91FA4-2D94-4803-BA3B-B61FBEF0ABE3}.IPP|Itanium.ActiveCfg = Release|x64
		{04F91FA4-2D94-4803-BA3B-B61FBEF0ABE3}.IPP|Win32.ActiveCfg = Release|x64
		{04F91FA4-2D94-4803-BA3B-B61FBEF0ABE3}.IPP|x64.ActiveCfg = Release|x64
		{04F91FA4-2D94-4803-BA3B-B61FBEF0ABE3}.IPP|x64.Build.0 = Release|x64
		{04F91FA4-2D94-4803-BA3B-B61FBEF0ABE3}.Release|Itanium.ActiveCfg = Release|x64
		{04F91FA4-2D94-4803-BA3B-B61FBEF0ABE3}.Release|Win32.ActiveCfg = Release|Win32
		{04F91FA4-2D94-4803-BA3B-B61FBEF0ABE3}.Release|x64.ActiveCfg = Release|x64
		{04F91FA4-2D94-4803-BA3B-B61FBEF0ABE3}.Release|x64.Build.0 = Release|x64
		{04F91FA4-2D94-4803-BA3B-B61FBEF0ABE3}.ReleaseWithoutAsm|Itanium.ActiveCfg = Release|x64
		{04F91FA4-2D94-4803-BA3B-B61FBEF0ABE3}.ReleaseWithoutAsm|Win32.ActiveCfg = Release|x64
		{04F91FA4-2D94-4803-BA3B-B61FBEF0ABE3}.ReleaseWithoutAsm|x64.ActiveCfg = Release|x64
		{04F91FA4-2D94-4803-BA3B-B61FBEF0ABE3}.ReleaseWithoutAsm|x64.Build.0 = Release|x64
		{745DEC58-EBB3-47A9-A9B8-4C6627C01BF8}.ASM Debug|Itanium.ActiveCfg = Debug|Itanium
		{745DEC58-EBB3-47A9-A9B8-4C6627C01BF8}.ASM Debug|Itanium.Build.0 = Debug|Itanium
		{745DEC58-EBB3-47A9-A9B8-4C6627C01BF8}.ASM Debug|Win32.ActiveCfg = Debug|Win32
		{745DEC58-EBB3-47A9-A9B8-4C6627C01BF8}.ASM Debug|Win32.Build.0 = Debug|Win32
		{745DEC58-EBB3-47A9-A9B8-4C6627C01BF8}.ASM Debug|x64.ActiveCfg = Debug|x64
		{745DEC58-EBB3-47A9-A9B8-4C6627C01BF8}.ASM Debug|x64.Build.0 = Debug|x64
		{745DEC58-EBB3-47A9-A9B8-4C6627C01BF8}.ASM Release|Itanium.ActiveCfg = Release|Itanium
		{745DEC58-EBB3-47A9-A9B8-4C6627C01BF8}.ASM Release|Itanium.Build.0 = Release|Itanium
		{745DEC58-EBB3-47A9-A9B8-4C6627C01BF8}.ASM Release|Win32.ActiveCfg = Release|Win32
		{745DEC58-EBB3-47A9-A9B8-4C6627C01BF8}.ASM Release|Win32.Build.0 = Release|Win32
		{745DEC58-EBB3-47A9-A9B8-4C6627C01BF8}.ASM Release|x64.ActiveCfg = Release|x64
		{745DEC58-EBB3-47A9-A9B8-4C6627C01BF8}.ASM Release|x64.Build.0 = Release|x64
		{745DEC58-EBB3-47A9-A9B8-4C6627C01BF8}.Debug|Itanium.ActiveCfg = Debug|Itanium
		{745DEC58-EBB3-47A9-A9B8-4C6627C01BF8}.Debug|Itanium.Build.0 = Debug|Itanium
		{745DEC58-EBB3-47A9-A9B8-4C6627C01BF8}.Debug|Win32.ActiveCfg = Debug|Win32
		{745DEC58-EBB3-47A9-A9B8-4C6627C01BF8}.Debug|Win32.Build.0 = Debug|Win32
		{745DEC58-EBB3-47A9-A9B8-4C6627C01BF8}.Debug|x64.ActiveCfg = Debug|x64
		{745DEC58-EBB3-47A9-A9B8-4C6627C01BF8}.Debug|x64.Build.0 = Debug|x64
		{745DEC58-EBB3-47A9-A9B8-4C6627C01BF8}.Http|Itanium.ActiveCfg = Release|x64
		{745DEC58-EBB3-47A9-A9B8-4C6627C01BF8}.Http|Win32.ActiveCfg = Release|x64
		{745DEC58-EBB3-47A9-A9B8-4C6627C01BF8}.Http|x64.ActiveCfg = Release|x64
		{745DEC58-EBB3-47A9-A9B8-4C6627C01BF8}.Http|x64.Build.0 = Release|x64
		{745DEC58-EBB3-47A9-A9B8-4C6627C01BF8}.IPP|Itanium.ActiveCfg = Release|x64
		{745DEC58-EBB3-47A9-A9B8-4C6627C01BF8}.IPP|Win32.ActiveCfg = Release|x64
		{745DEC58-EBB3-47A9-A9B8-4C6627C01BF8}.IPP|x64.ActiveCfg = Release|x64
		{745DEC58-EBB3-47A9-A9B8-4C6627C01BF8}.IPP|x64.Build.0 = Release|x64
		{745DEC58-EBB3-47A9-A9B8-4C6627C01BF8}.Release|Itanium.ActiveCfg = Release|Itanium
		{745DEC58-EBB3-47A9-A9B8-4C6627C01BF8}.Release|Itanium.Build.0 = Release|Itanium
		{745DEC58-EBB3-47A9-A9B8-4C6627C01BF8}.Release|Win32.ActiveCfg = Release|Win32
		{745DEC58-EBB3-47A9-A9B8-4C6627C01BF8}.Release|Win32.Build.0 = Release|Win32
		{745DEC58-EBB3-47A9-A9B8-4C6627C01BF8}.Release|x64.ActiveCfg = Release|x64
		{745DEC58-EBB3-47A9-A9B8-4C6627C01BF8}.Release|x64.Build.0 = Release|x64
		{745DEC58-EBB3-47A9-A9B8-4C6627C01BF8}.ReleaseWithoutAsm|Itanium.ActiveCfg = ReleaseWithoutAsm|Itanium
		{745DEC58-EBB3-47A9-A9B8-4C6627C01BF8}.ReleaseWithoutAsm|Itanium.Build.0 = ReleaseWithoutAsm|Itanium
		{745DEC58-EBB3-47A9-A9B8-4C6627C01BF8}.ReleaseWithoutAsm|Win32.ActiveCfg = ReleaseWithoutAsm|Win32
		{745DEC58-EBB3-47A9-A9B8-4C6627C01BF8}.ReleaseWithoutAsm|Win32.Build.0 = ReleaseWithoutAsm|Win32
		{745DEC58-EBB3-47A9-A9B8-4C6627C01BF8}.ReleaseWithoutAsm|x64.ActiveCfg = ReleaseWithoutAsm|x64
		{745DEC58-EBB3-47A9-A9B8-4C6627C01BF8}.ReleaseWithoutAsm|x64.Build.0 = ReleaseWithoutAsm|x64
	EndGlobalSection
	GlobalSection(SolutionProperties) = preSolution
		HideSolutionNode = FALSE
	EndGlobalSection
EndGlobal
